<?xml version="1.0" encoding="UTF-8" standalone="yes" ?>
<CodeBlocks_project_file>
	<FileVersion major="1" minor="6" />
	<Project>
		<Option title="ui" />
		<Option pch_mode="2" />
		<Option compiler="gcc" />
		<Build>
			<Target title="mdd_ps Win32">
				<Option output="ui" prefix_auto="1" extension_auto="1" />
				<Option type="0" />
				<Option compiler="gcc" />
				<Compiler>
					<Add option="-DWIN32" />
					<Add option="-D_DEBUG" />
					<Add option="-D_CONSOLE" />
					<Add option="-DGAME_CLIENT" />
					<Add directory="C:/workspace/src/src/ui/../../sdk/include/dxsdk" />
					<Add directory="C:/workspace/src/src/ui/../../head" />
				</Compiler>
			</Target>
			<Target title="md_perf_hud Win32">
				<Option output="ui" prefix_auto="1" extension_auto="1" />
				<Option type="0" />
				<Option compiler="gcc" />
				<Compiler>
					<Add option="-DWIN32" />
					<Add option="-DNDEBUG" />
					<Add option="-D_CONSOLE" />
					<Add option="-DGAME_CLIENT" />
					<Add directory="C:/workspace/src/src/ui/../../sdk/include/dxsdk" />
					<Add directory="C:/workspace/src/src/ui/../../head" />
				</Compiler>
			</Target>
			<Target title="editor Win32">
				<Option output="ui" prefix_auto="1" extension_auto="1" />
				<Option type="0" />
				<Option compiler="gcc" />
				<Compiler>
					<Add option="-DWIN32" />
					<Add option="-DNDEBUG" />
					<Add option="-D_CONSOLE" />
					<Add option="-DGAME_CLIENT" />
					<Add directory="C:/workspace/src/src/ui/../../head" />
				</Compiler>
			</Target>
			<Target title="mt Win32">
				<Option output="ui" prefix_auto="1" extension_auto="1" />
				<Option type="0" />
				<Option compiler="gcc" />
				<Compiler>
					<Add option="-DWIN32" />
					<Add option="-DNDEBUG" />
					<Add option="-D_CONSOLE" />
					<Add option="-DGAME_CLIENT" />
					<Add directory="C:/workspace/src/src/ui/../../sdk/include/dxsdk" />
					<Add directory="C:/workspace/src/src/ui/../../head" />
				</Compiler>
			</Target>
			<Target title="mdd Win32">
				<Option output="ui" prefix_auto="1" extension_auto="1" />
				<Option type="0" />
				<Option compiler="gcc" />
				<Compiler>
					<Add option="-DWIN32" />
					<Add option="-D_DEBUG" />
					<Add option="-D_CONSOLE" />
					<Add option="-DGAME_CLIENT" />
					<Add directory="C:/workspace/src/src/ui/../../sdk/include/dxsdk" />
					<Add directory="C:/workspace/src/src/ui/../../head" />
				</Compiler>
			</Target>
			<Target title="mt_perf_hud Win32">
				<Option output="ui" prefix_auto="1" extension_auto="1" />
				<Option type="0" />
				<Option compiler="gcc" />
				<Compiler>
					<Add option="-DWIN32" />
					<Add option="-DNDEBUG" />
					<Add option="-D_CONSOLE" />
					<Add option="-DGAME_CLIENT" />
					<Add directory="C:/workspace/src/src/ui/../../sdk/include/dxsdk" />
					<Add directory="C:/workspace/src/src/ui/../../head" />
				</Compiler>
			</Target>
			<Target title="scene_eidtor_d Win32">
				<Option output="ui" prefix_auto="1" extension_auto="1" />
				<Option type="0" />
				<Option compiler="gcc" />
				<Compiler>
					<Add option="-DWIN32" />
					<Add option="-D_DEBUG" />
					<Add option="-D_CONSOLE" />
					<Add option="-DGAME_CLIENT" />
					<Add directory="C:/workspace/src/src/ui/../../head" />
				</Compiler>
			</Target>
			<Target title="mtd Win32">
				<Option output="ui" prefix_auto="1" extension_auto="1" />
				<Option type="0" />
				<Option compiler="gcc" />
				<Compiler>
					<Add option="-DWIN32" />
					<Add option="-D_DEBUG" />
					<Add option="-D_CONSOLE" />
					<Add option="-DGAME_CLIENT" />
					<Add option="-DENABLE_OPERATOR_NEW" />
					<Add directory="C:/workspace/src/src/ui/../../sdk/include/dxsdk" />
					<Add directory="C:/workspace/src/src/ui/../../head" />
				</Compiler>
			</Target>
			<Target title="md Win32">
				<Option output="ui" prefix_auto="1" extension_auto="1" />
				<Option type="0" />
				<Option compiler="gcc" />
				<Compiler>
					<Add option="-DWIN32" />
					<Add option="-DNDEBUG" />
					<Add option="-D_CONSOLE" />
					<Add option="-DGAME_CLIENT" />
					<Add directory="$(IncludePath)" />
					<Add directory="$(VCInstallDir)atlmfc/include" />
					<Add directory="C:/Program Files (x86)/Windows Kits/8.1/Include/um" />
					<Add directory="C:/Program Files (x86)/Windows Kits/8.1/Include/shared" />
					<Add directory="C:/workspace/src/src/ui/../../sdk/include/dxsdk" />
					<Add directory="C:/workspace/src/src/ui/../../head" />
					<Add directory="${DXSDK_DIR}/Include" />
				</Compiler>
			</Target>
			<Target title="editord Win32">
				<Option output="ui" prefix_auto="1" extension_auto="1" />
				<Option type="0" />
				<Option compiler="gcc" />
				<Compiler>
					<Add option="-DWIN32" />
					<Add option="-D_DEBUG" />
					<Add option="-D_CONSOLE" />
					<Add option="-DGAME_CLIENT" />
					<Add directory="C:/workspace/src/src/ui/../../head" />
				</Compiler>
			</Target>
			<Target title="md_ps Win32">
				<Option output="ui" prefix_auto="1" extension_auto="1" />
				<Option type="0" />
				<Option compiler="gcc" />
				<Compiler>
					<Add option="-DWIN32" />
					<Add option="-DNDEBUG" />
					<Add option="-D_CONSOLE" />
					<Add option="-DGAME_CLIENT" />
					<Add directory="C:/workspace/src/src/ui/../../sdk/include/dxsdk" />
					<Add directory="C:/workspace/src/src/ui/../../head" />
				</Compiler>
			</Target>
		</Build>
		<Unit filename="../../head/ui/gif/gif89a.cpp" />
		<Unit filename="../../head/ui/gif/gif89a.h" />
		<Unit filename="../../head/ui/rtw_3dview.cpp" />
		<Unit filename="../../head/ui/rtw_3dview.h" />
		<Unit filename="../../head/ui/rtw_animation.cpp" />
		<Unit filename="../../head/ui/rtw_animation.h" />
		<Unit filename="../../head/ui/rtw_base.cpp" />
		<Unit filename="../../head/ui/rtw_base.h" />
		<Unit filename="../../head/ui/rtw_button.cpp" />
		<Unit filename="../../head/ui/rtw_button.h" />
		<Unit filename="../../head/ui/rtw_chatbox.cpp" />
		<Unit filename="../../head/ui/rtw_chatbox.h" />
		<Unit filename="../../head/ui/rtw_chatinputbox.cpp" />
		<Unit filename="../../head/ui/rtw_chatinputbox.h" />
		<Unit filename="../../head/ui/rtw_clipboard.cpp" />
		<Unit filename="../../head/ui/rtw_clipboard.h" />
		<Unit filename="../../head/ui/rtw_combobox.cpp" />
		<Unit filename="../../head/ui/rtw_combobox.h" />
		<Unit filename="../../head/ui/rtw_config.h" />
		<Unit filename="../../head/ui/rtw_delegate.h" />
		<Unit filename="../../head/ui/rtw_device2d.cpp" />
		<Unit filename="../../head/ui/rtw_device2d.h" />
		<Unit filename="../../head/ui/rtw_document.cpp" />
		<Unit filename="../../head/ui/rtw_document.h" />
		<Unit filename="../../head/ui/rtw_event.cpp" />
		<Unit filename="../../head/ui/rtw_event.h" />
		<Unit filename="../../head/ui/rtw_font.cpp" />
		<Unit filename="../../head/ui/rtw_font.h" />
		<Unit filename="../../head/ui/rtw_form.cpp" />
		<Unit filename="../../head/ui/rtw_form.h" />
		<Unit filename="../../head/ui/rtw_hint.cpp" />
		<Unit filename="../../head/ui/rtw_hint.h" />
		<Unit filename="../../head/ui/rtw_htmlelement.cpp" />
		<Unit filename="../../head/ui/rtw_htmlelement.h" />
		<Unit filename="../../head/ui/rtw_htmllayout.h" />
		<Unit filename="../../head/ui/rtw_htmlloader.cpp" />
		<Unit filename="../../head/ui/rtw_htmlloader.h" />
		<Unit filename="../../head/ui/rtw_htmlparser.h" />
		<Unit filename="../../head/ui/rtw_htmlreflow.cpp" />
		<Unit filename="../../head/ui/rtw_htmlreflow.h" />
		<Unit filename="../../head/ui/rtw_htmltaglist.h" />
		<Unit filename="../../head/ui/rtw_htmltags.cpp" />
		<Unit filename="../../head/ui/rtw_htmltags.h" />
		<Unit filename="../../head/ui/rtw_htmlview.cpp" />
		<Unit filename="../../head/ui/rtw_htmlview.h" />
		<Unit filename="../../head/ui/rtw_hud.cpp" />
		<Unit filename="../../head/ui/rtw_hud.h" />
		<Unit filename="../../head/ui/rtw_hyperlink.cpp" />
		<Unit filename="../../head/ui/rtw_hyperlink.h" />
		<Unit filename="../../head/ui/rtw_iconlist.cpp" />
		<Unit filename="../../head/ui/rtw_iconlist.h" />
		<Unit filename="../../head/ui/rtw_image.cpp" />
		<Unit filename="../../head/ui/rtw_image.h" />
		<Unit filename="../../head/ui/rtw_label.cpp" />
		<Unit filename="../../head/ui/rtw_label.h" />
		<Unit filename="../../head/ui/rtw_layer.cpp" />
		<Unit filename="../../head/ui/rtw_layer.h" />
		<Unit filename="../../head/ui/rtw_listbox.cpp" />
		<Unit filename="../../head/ui/rtw_listbox.h" />
		<Unit filename="../../head/ui/rtw_mailbox.cpp" />
		<Unit filename="../../head/ui/rtw_mailbox.h" />
		<Unit filename="../../head/ui/rtw_mediaframe.cpp" />
		<Unit filename="../../head/ui/rtw_mediaframe.h" />
		<Unit filename="../../head/ui/rtw_panel.cpp" />
		<Unit filename="../../head/ui/rtw_panel.h" />
		<Unit filename="../../head/ui/rtw_popup_menu.cpp" />
		<Unit filename="../../head/ui/rtw_popup_menu.h" />
		<Unit filename="../../head/ui/rtw_progressbar.cpp" />
		<Unit filename="../../head/ui/rtw_progressbar.h" />
		<Unit filename="../../head/ui/rtw_ptr.h" />
		<Unit filename="../../head/ui/rtw_python.h" />
		<Unit filename="../../head/ui/rtw_richtext.cpp" />
		<Unit filename="../../head/ui/rtw_richtext.h" />
		<Unit filename="../../head/ui/rtw_scrollable.cpp" />
		<Unit filename="../../head/ui/rtw_scrollable.h" />
		<Unit filename="../../head/ui/rtw_scrollbar.cpp" />
		<Unit filename="../../head/ui/rtw_scrollbar.h" />
		<Unit filename="../../head/ui/rtw_sound.cpp" />
		<Unit filename="../../head/ui/rtw_sound.h" />
		<Unit filename="../../head/ui/rtw_tab.cpp" />
		<Unit filename="../../head/ui/rtw_tab.h" />
		<Unit filename="../../head/ui/rtw_template.cpp" />
		<Unit filename="../../head/ui/rtw_template.h" />
		<Unit filename="../../head/ui/rtw_textbox.cpp" />
		<Unit filename="../../head/ui/rtw_textbox.h" />
		<Unit filename="../../head/ui/rtw_theme.cpp" />
		<Unit filename="../../head/ui/rtw_theme.h" />
		<Unit filename="../../head/ui/rtw_timer.h" />
		<Unit filename="../../head/ui/rtw_tree.cpp" />
		<Unit filename="../../head/ui/rtw_tree.h" />
		<Unit filename="../../head/ui/rtw_ui.h" />
		<Unit filename="../../head/ui/rtw_widget.cpp" />
		<Unit filename="../../head/ui/rtw_widget.h" />
		<Unit filename="../../head/ui/rtw_workspace.cpp" />
		<Unit filename="../../head/ui/rtw_workspace.h" />
		<Unit filename="../../head/ui/rtw_xml.cpp" />
		<Unit filename="../../head/ui/rtw_xml.h" />
		<Extensions>
			<code_completion />
			<envvars />
			<debugger />
		</Extensions>
	</Project>
</CodeBlocks_project_file>
