<?xml version="1.0" encoding="utf-8"?>
<Project ToolsVersion="4.0" xmlns="http://schemas.microsoft.com/developer/msbuild/2003">
  <ItemGroup>
    <Filter Include="src">
      <UniqueIdentifier>{b8a46976-0908-46c4-b8cc-68e110ab2ca9}</UniqueIdentifier>
    </Filter>
    <Filter Include="src\dx8">
      <UniqueIdentifier>{d5f32f2d-3865-41d0-b405-4a7d6ae9c10a}</UniqueIdentifier>
    </Filter>
    <Filter Include="sdk">
      <UniqueIdentifier>{be92735d-2da2-4d8c-b854-d10086d946c7}</UniqueIdentifier>
    </Filter>
  </ItemGroup>
  <ItemGroup>
    <ClCompile Include="rt_audio.cpp">
      <Filter>src</Filter>
    </ClCompile>
    <ClCompile Include="rta_back_music.cpp">
      <Filter>src</Filter>
    </ClCompile>
    <ClCompile Include="rta_sound.cpp">
      <Filter>src</Filter>
    </ClCompile>
    <ClCompile Include="rta_sound_dx8.cpp">
      <Filter>src</Filter>
    </ClCompile>
    <ClCompile Include="rta_sound_mgr.cpp">
      <Filter>src</Filter>
    </ClCompile>
    <ClCompile Include="dx8\dmutil.cpp">
      <Filter>src\dx8</Filter>
    </ClCompile>
    <ClCompile Include="dx8\dsutil.cpp">
      <Filter>src\dx8</Filter>
    </ClCompile>
    <ClCompile Include="..\..\engine\head\audio\rta_import.cpp">
      <Filter>sdk</Filter>
    </ClCompile>
  </ItemGroup>
  <ItemGroup>
    <ClInclude Include="rta_sound_dx8.h">
      <Filter>src</Filter>
    </ClInclude>
    <ClInclude Include="dx8\dmutil.h">
      <Filter>src\dx8</Filter>
    </ClInclude>
    <ClInclude Include="dx8\dsutil.h">
      <Filter>src\dx8</Filter>
    </ClInclude>
    <ClInclude Include="dx8\dxutil.h">
      <Filter>src\dx8</Filter>
    </ClInclude>
    <ClInclude Include="..\..\engine\head\audio\rt_audio.h">
      <Filter>sdk</Filter>
    </ClInclude>
    <ClInclude Include="..\..\engine\head\audio\rta_back_music.h">
      <Filter>sdk</Filter>
    </ClInclude>
    <ClInclude Include="..\..\engine\head\audio\rta_sound.h">
      <Filter>sdk</Filter>
    </ClInclude>
    <ClInclude Include="..\..\engine\head\audio\rta_sound_mgr.h">
      <Filter>sdk</Filter>
    </ClInclude>
  </ItemGroup>
</Project>