<?xml version="1.0" encoding="utf-8"?>
<Project ToolsVersion="4.0" xmlns="http://schemas.microsoft.com/developer/msbuild/2003">
  <ItemGroup>
    <Filter Include="login_server">
      <UniqueIdentifier>{b1f3f6cf-4d14-468b-a24a-7f20378cc851}</UniqueIdentifier>
    </Filter>
    <Filter Include="shared_files">
      <UniqueIdentifier>{1050bb37-f214-4f5f-988d-7708ed11ef8e}</UniqueIdentifier>
    </Filter>
    <Filter Include="engine">
      <UniqueIdentifier>{749bc6af-cff1-4cef-ad11-5faf983dc8f9}</UniqueIdentifier>
    </Filter>
    <Filter Include="engine\core">
      <UniqueIdentifier>{ec3e5ec2-a337-4fac-acb6-25767dd52ac9}</UniqueIdentifier>
    </Filter>
    <Filter Include="engine\core\include">
      <UniqueIdentifier>{439794be-3467-41e8-ba7a-afbfe7735ea8}</UniqueIdentifier>
    </Filter>
    <Filter Include="engine\net">
      <UniqueIdentifier>{fe8a8bdf-fb5f-49cd-ac61-860308a88e94}</UniqueIdentifier>
    </Filter>
    <Filter Include="engine\profile">
      <UniqueIdentifier>{880f580c-d9da-4b25-91b3-fef47b1a17ad}</UniqueIdentifier>
    </Filter>
    <Filter Include="resource">
      <UniqueIdentifier>{02c16fea-eb94-4a6a-9ba9-8ae1d69bb08a}</UniqueIdentifier>
    </Filter>
    <Filter Include="guide_server">
      <UniqueIdentifier>{581d90e7-d207-43e1-8838-064d9ced5a19}</UniqueIdentifier>
    </Filter>
    <Filter Include="wsdl">
      <UniqueIdentifier>{dbe91282-4269-44bc-84e4-7c28cefdbecd}</UniqueIdentifier>
    </Filter>
    <Filter Include="wsdl\schemaparser">
      <UniqueIdentifier>{db072e59-5758-46f7-9762-5b84b1f0edbc}</UniqueIdentifier>
    </Filter>
    <Filter Include="wsdl\wsdlparser">
      <UniqueIdentifier>{fa3fa311-eb1b-4889-bc43-90a7ca7a066f}</UniqueIdentifier>
    </Filter>
    <Filter Include="wsdl\xmlpull">
      <UniqueIdentifier>{dd71b663-8384-41b2-bb30-3a02b6fdf1a3}</UniqueIdentifier>
    </Filter>
  </ItemGroup>
  <ItemGroup>
    <ClCompile Include="charge_session.cpp">
      <Filter>login_server</Filter>
    </ClCompile>
    <ClCompile Include="dbmysql.cpp">
      <Filter>login_server</Filter>
    </ClCompile>
    <ClCompile Include="gameworldstub.cpp">
      <Filter>login_server</Filter>
    </ClCompile>
    <ClCompile Include="gamigo_adb_session.cpp">
      <Filter>login_server</Filter>
    </ClCompile>
    <ClCompile Include="lgsthread.cpp">
      <Filter>login_server</Filter>
    </ClCompile>
    <ClCompile Include="loginserver.cpp">
      <Filter>login_server</Filter>
    </ClCompile>
    <ClCompile Include="main.cpp">
      <Filter>login_server</Filter>
    </ClCompile>
    <ClCompile Include="..\shared\license_check.cpp">
      <Filter>shared_files</Filter>
    </ClCompile>
    <ClCompile Include="..\shared\linux_util.cpp">
      <Filter>shared_files</Filter>
    </ClCompile>
    <ClCompile Include="..\shared\rt1tort2.cpp">
      <Filter>shared_files</Filter>
    </ClCompile>
    <ClCompile Include="..\shared\server_config.cpp">
      <Filter>shared_files</Filter>
    </ClCompile>
    <ClCompile Include="..\shared\profile.cpp">
      <Filter>engine\profile</Filter>
    </ClCompile>
    <ClCompile Include="..\shared\profile_result.cpp">
      <Filter>engine\profile</Filter>
    </ClCompile>
    <ClCompile Include="guide_server.cpp">
      <Filter>guide_server</Filter>
    </ClCompile>
    <ClCompile Include="wsdl\CBlowFishSimple.cpp">
      <Filter>wsdl</Filter>
    </ClCompile>
    <ClCompile Include="wsdl\WsdlWrapper.cpp">
      <Filter>wsdl</Filter>
    </ClCompile>
    <ClCompile Include="wsdl\schemaparser\ComplexType.cpp">
      <Filter>wsdl\schemaparser</Filter>
    </ClCompile>
    <ClCompile Include="wsdl\schemaparser\ContentModel.cpp">
      <Filter>wsdl\schemaparser</Filter>
    </ClCompile>
    <ClCompile Include="wsdl\schemaparser\Group.cpp">
      <Filter>wsdl\schemaparser</Filter>
    </ClCompile>
    <ClCompile Include="wsdl\schemaparser\SchemaDebug.cpp">
      <Filter>wsdl\schemaparser</Filter>
    </ClCompile>
    <ClCompile Include="wsdl\schemaparser\SchemaParser.cpp">
      <Filter>wsdl\schemaparser</Filter>
    </ClCompile>
    <ClCompile Include="wsdl\schemaparser\SchemaValidator.cpp">
      <Filter>wsdl\schemaparser</Filter>
    </ClCompile>
    <ClCompile Include="wsdl\schemaparser\SimpleType.cpp">
      <Filter>wsdl\schemaparser</Filter>
    </ClCompile>
    <ClCompile Include="wsdl\schemaparser\TypeContainer.cpp">
      <Filter>wsdl\schemaparser</Filter>
    </ClCompile>
    <ClCompile Include="wsdl\schemaparser\TypesTable.cpp">
      <Filter>wsdl\schemaparser</Filter>
    </ClCompile>
    <ClCompile Include="wsdl\wsdlparser\Message.cpp">
      <Filter>wsdl\wsdlparser</Filter>
    </ClCompile>
    <ClCompile Include="wsdl\wsdlparser\Soap.cpp">
      <Filter>wsdl\wsdlparser</Filter>
    </ClCompile>
    <ClCompile Include="wsdl\wsdlparser\WsdlDebug.cpp">
      <Filter>wsdl\wsdlparser</Filter>
    </ClCompile>
    <ClCompile Include="wsdl\wsdlparser\WsdlElement.cpp">
      <Filter>wsdl\wsdlparser</Filter>
    </ClCompile>
    <ClCompile Include="wsdl\wsdlparser\WsdlInvoker.cpp">
      <Filter>wsdl\wsdlparser</Filter>
    </ClCompile>
    <ClCompile Include="wsdl\wsdlparser\WsdlParser.cpp">
      <Filter>wsdl\wsdlparser</Filter>
    </ClCompile>
    <ClCompile Include="wsdl\xmlpull\ConfigFile.cpp">
      <Filter>wsdl\xmlpull</Filter>
    </ClCompile>
    <ClCompile Include="wsdl\xmlpull\w3c.cpp">
      <Filter>wsdl\xmlpull</Filter>
    </ClCompile>
    <ClCompile Include="wsdl\xmlpull\XmlPullParser.cpp">
      <Filter>wsdl\xmlpull</Filter>
    </ClCompile>
    <ClCompile Include="wsdl\xmlpull\XmlSerializer.cpp">
      <Filter>wsdl\xmlpull</Filter>
    </ClCompile>
    <ClCompile Include="wsdl\xmlpull\XmlUtils.cpp">
      <Filter>wsdl\xmlpull</Filter>
    </ClCompile>
    <ClCompile Include="LoginLogicExt.cpp" />
  </ItemGroup>
  <ItemGroup>
    <ClInclude Include="charge_session.h">
      <Filter>login_server</Filter>
    </ClInclude>
    <ClInclude Include="dbmysql.h">
      <Filter>login_server</Filter>
    </ClInclude>
    <ClInclude Include="gameworldstub.h">
      <Filter>login_server</Filter>
    </ClInclude>
    <ClInclude Include="gamigo_adb_session.h">
      <Filter>login_server</Filter>
    </ClInclude>
    <ClInclude Include="lgsthread.h">
      <Filter>login_server</Filter>
    </ClInclude>
    <ClInclude Include="login.h">
      <Filter>login_server</Filter>
    </ClInclude>
    <ClInclude Include="loginserver.h">
      <Filter>login_server</Filter>
    </ClInclude>
    <ClInclude Include="threadsafelist.h">
      <Filter>login_server</Filter>
    </ClInclude>
    <ClInclude Include="..\shared\gs_protocol.h">
      <Filter>shared_files</Filter>
    </ClInclude>
    <ClInclude Include="..\shared\lgs_gws.h">
      <Filter>shared_files</Filter>
    </ClInclude>
    <ClInclude Include="..\shared\license_check.h">
      <Filter>shared_files</Filter>
    </ClInclude>
    <ClInclude Include="..\shared\linux_util.h">
      <Filter>shared_files</Filter>
    </ClInclude>
    <ClInclude Include="..\shared\ls_protocol.h">
      <Filter>shared_files</Filter>
    </ClInclude>
    <ClInclude Include="..\shared\server_config.h">
      <Filter>shared_files</Filter>
    </ClInclude>
    <ClInclude Include="..\engine\head\core\rt2_core.h">
      <Filter>engine\core\include</Filter>
    </ClInclude>
    <ClInclude Include="..\engine\head\core\rtc2_build_option.h">
      <Filter>engine\core\include</Filter>
    </ClInclude>
    <ClInclude Include="..\engine\head\core\rtc2_database.h">
      <Filter>engine\core\include</Filter>
    </ClInclude>
    <ClInclude Include="..\engine\head\core\rtc2_debug.h">
      <Filter>engine\core\include</Filter>
    </ClInclude>
    <ClInclude Include="..\engine\head\core\rtc2_encrypt.h">
      <Filter>engine\core\include</Filter>
    </ClInclude>
    <ClInclude Include="..\engine\head\core\rtc2_engine_sys.h">
      <Filter>engine\core\include</Filter>
    </ClInclude>
    <ClInclude Include="..\engine\head\core\rtc2_file.h">
      <Filter>engine\core\include</Filter>
    </ClInclude>
    <ClInclude Include="..\engine\head\core\rtc2_lock.h">
      <Filter>engine\core\include</Filter>
    </ClInclude>
    <ClInclude Include="..\engine\head\core\rtc2_log.h">
      <Filter>engine\core\include</Filter>
    </ClInclude>
    <ClInclude Include="..\engine\head\core\rtc2_math.h">
      <Filter>engine\core\include</Filter>
    </ClInclude>
    <ClInclude Include="..\engine\head\core\rtc2_memory.h">
      <Filter>engine\core\include</Filter>
    </ClInclude>
    <ClInclude Include="..\engine\head\core\rtc2_object.h">
      <Filter>engine\core\include</Filter>
    </ClInclude>
    <ClInclude Include="..\engine\head\core\rtc2_platform.h">
      <Filter>engine\core\include</Filter>
    </ClInclude>
    <ClInclude Include="..\engine\head\core\rtc2_platform_unix.h">
      <Filter>engine\core\include</Filter>
    </ClInclude>
    <ClInclude Include="..\engine\head\core\rtc2_platform_win32.h">
      <Filter>engine\core\include</Filter>
    </ClInclude>
    <ClInclude Include="..\engine\head\core\rtc2_process.h">
      <Filter>engine\core\include</Filter>
    </ClInclude>
    <ClInclude Include="..\engine\head\core\rtc2_smartptr.h">
      <Filter>engine\core\include</Filter>
    </ClInclude>
    <ClInclude Include="..\engine\head\core\rtc2_string.h">
      <Filter>engine\core\include</Filter>
    </ClInclude>
    <ClInclude Include="..\engine\head\core\rtc2_system_info.h">
      <Filter>engine\core\include</Filter>
    </ClInclude>
    <ClInclude Include="..\engine\head\core\rtc2_text.h">
      <Filter>engine\core\include</Filter>
    </ClInclude>
    <ClInclude Include="..\engine\head\core\rtc2_text_ini.h">
      <Filter>engine\core\include</Filter>
    </ClInclude>
    <ClInclude Include="..\engine\head\core\rtc2_text_table.h">
      <Filter>engine\core\include</Filter>
    </ClInclude>
    <ClInclude Include="..\engine\head\core\rtc2_text_util.h">
      <Filter>engine\core\include</Filter>
    </ClInclude>
    <ClInclude Include="..\engine\head\core\rtc2_text_xml.h">
      <Filter>engine\core\include</Filter>
    </ClInclude>
    <ClInclude Include="..\engine\head\core\rtc2_thread.h">
      <Filter>engine\core\include</Filter>
    </ClInclude>
    <ClInclude Include="..\engine\head\core\rtc2_thread_event.h">
      <Filter>engine\core\include</Filter>
    </ClInclude>
    <ClInclude Include="..\engine\head\core\rtc2_time.h">
      <Filter>engine\core\include</Filter>
    </ClInclude>
    <ClInclude Include="..\engine\head\core\rtc2_util.h">
      <Filter>engine\core\include</Filter>
    </ClInclude>
    <ClInclude Include="..\engine\head\core\zconf.h">
      <Filter>engine\core\include</Filter>
    </ClInclude>
    <ClInclude Include="..\engine\head\core\zlib.h">
      <Filter>engine\core\include</Filter>
    </ClInclude>
    <ClInclude Include="..\engine\head\core\zstream.h">
      <Filter>engine\core\include</Filter>
    </ClInclude>
    <ClInclude Include="..\engine\head\net\g_cmdpacket.h">
      <Filter>engine\net</Filter>
    </ClInclude>
    <ClInclude Include="..\engine\head\net\g_netpacket.h">
      <Filter>engine\net</Filter>
    </ClInclude>
    <ClInclude Include="..\engine\head\net\g_netsocket.h">
      <Filter>engine\net</Filter>
    </ClInclude>
    <ClInclude Include="..\engine\head\net\g_tcplistener.h">
      <Filter>engine\net</Filter>
    </ClInclude>
    <ClInclude Include="..\engine\head\net\g_tcpsession.h">
      <Filter>engine\net</Filter>
    </ClInclude>
    <ClInclude Include="..\engine\head\net\g_udpsession.h">
      <Filter>engine\net</Filter>
    </ClInclude>
    <ClInclude Include="..\engine\head\net\rt_net.h">
      <Filter>engine\net</Filter>
    </ClInclude>
    <ClInclude Include="..\shared\profile.h">
      <Filter>engine\profile</Filter>
    </ClInclude>
    <ClInclude Include="..\shared\profile_result.h">
      <Filter>engine\profile</Filter>
    </ClInclude>
    <ClInclude Include="resource.h">
      <Filter>resource</Filter>
    </ClInclude>
    <ClInclude Include="guide_server.h">
      <Filter>guide_server</Filter>
    </ClInclude>
    <ClInclude Include="wsdl\CBlowFishSimple.h">
      <Filter>wsdl</Filter>
    </ClInclude>
    <ClInclude Include="wsdl\wsdl-config.h">
      <Filter>wsdl</Filter>
    </ClInclude>
    <ClInclude Include="wsdl\WsdlWrapper.h">
      <Filter>wsdl</Filter>
    </ClInclude>
    <ClInclude Include="wsdl\schemaparser\Annotation.h">
      <Filter>wsdl\schemaparser</Filter>
    </ClInclude>
    <ClInclude Include="wsdl\schemaparser\Attribute.h">
      <Filter>wsdl\schemaparser</Filter>
    </ClInclude>
    <ClInclude Include="wsdl\schemaparser\AttributeGroup.h">
      <Filter>wsdl\schemaparser</Filter>
    </ClInclude>
    <ClInclude Include="wsdl\schemaparser\ComplexType.h">
      <Filter>wsdl\schemaparser</Filter>
    </ClInclude>
    <ClInclude Include="wsdl\schemaparser\Constraint.h">
      <Filter>wsdl\schemaparser</Filter>
    </ClInclude>
    <ClInclude Include="wsdl\schemaparser\ContentModel.h">
      <Filter>wsdl\schemaparser</Filter>
    </ClInclude>
    <ClInclude Include="wsdl\schemaparser\Element.h">
      <Filter>wsdl\schemaparser</Filter>
    </ClInclude>
    <ClInclude Include="wsdl\schemaparser\Group.h">
      <Filter>wsdl\schemaparser</Filter>
    </ClInclude>
    <ClInclude Include="wsdl\schemaparser\Schema.h">
      <Filter>wsdl\schemaparser</Filter>
    </ClInclude>
    <ClInclude Include="wsdl\schemaparser\SchemaParser.h">
      <Filter>wsdl\schemaparser</Filter>
    </ClInclude>
    <ClInclude Include="wsdl\schemaparser\SchemaParserException.h">
      <Filter>wsdl\schemaparser</Filter>
    </ClInclude>
    <ClInclude Include="wsdl\schemaparser\SchemaValidator.h">
      <Filter>wsdl\schemaparser</Filter>
    </ClInclude>
    <ClInclude Include="wsdl\schemaparser\SimpleType.h">
      <Filter>wsdl\schemaparser</Filter>
    </ClInclude>
    <ClInclude Include="wsdl\schemaparser\TypeContainer.h">
      <Filter>wsdl\schemaparser</Filter>
    </ClInclude>
    <ClInclude Include="wsdl\schemaparser\TypesTable.h">
      <Filter>wsdl\schemaparser</Filter>
    </ClInclude>
    <ClInclude Include="wsdl\schemaparser\XSDType.h">
      <Filter>wsdl\schemaparser</Filter>
    </ClInclude>
    <ClInclude Include="wsdl\wsdlparser\Binding.h">
      <Filter>wsdl\wsdlparser</Filter>
    </ClInclude>
    <ClInclude Include="wsdl\wsdlparser\Message.h">
      <Filter>wsdl\wsdlparser</Filter>
    </ClInclude>
    <ClInclude Include="wsdl\wsdlparser\Operation.h">
      <Filter>wsdl\wsdlparser</Filter>
    </ClInclude>
    <ClInclude Include="wsdl\wsdlparser\PortType.h">
      <Filter>wsdl\wsdlparser</Filter>
    </ClInclude>
    <ClInclude Include="wsdl\wsdlparser\Service.h">
      <Filter>wsdl\wsdlparser</Filter>
    </ClInclude>
    <ClInclude Include="wsdl\wsdlparser\Soap.h">
      <Filter>wsdl\wsdlparser</Filter>
    </ClInclude>
    <ClInclude Include="wsdl\wsdlparser\WsdlElement.h">
      <Filter>wsdl\wsdlparser</Filter>
    </ClInclude>
    <ClInclude Include="wsdl\wsdlparser\WsdlException.h">
      <Filter>wsdl\wsdlparser</Filter>
    </ClInclude>
    <ClInclude Include="wsdl\wsdlparser\WsdlExtension.h">
      <Filter>wsdl\wsdlparser</Filter>
    </ClInclude>
    <ClInclude Include="wsdl\wsdlparser\WsdlInvoker.h">
      <Filter>wsdl\wsdlparser</Filter>
    </ClInclude>
    <ClInclude Include="wsdl\wsdlparser\WsdlParser.h">
      <Filter>wsdl\wsdlparser</Filter>
    </ClInclude>
    <ClInclude Include="wsdl\xmlpull\ConfigFile.h">
      <Filter>wsdl\xmlpull</Filter>
    </ClInclude>
    <ClInclude Include="wsdl\xmlpull\osdir.h">
      <Filter>wsdl\xmlpull</Filter>
    </ClInclude>
    <ClInclude Include="wsdl\xmlpull\Qname.h">
      <Filter>wsdl\xmlpull</Filter>
    </ClInclude>
    <ClInclude Include="wsdl\xmlpull\w3c.h">
      <Filter>wsdl\xmlpull</Filter>
    </ClInclude>
    <ClInclude Include="wsdl\xmlpull\wsdlpull_export.h">
      <Filter>wsdl\xmlpull</Filter>
    </ClInclude>
    <ClInclude Include="wsdl\xmlpull\XmlPullParser.h">
      <Filter>wsdl\xmlpull</Filter>
    </ClInclude>
    <ClInclude Include="wsdl\xmlpull\XmlPullParserException.h">
      <Filter>wsdl\xmlpull</Filter>
    </ClInclude>
    <ClInclude Include="wsdl\xmlpull\XmlSerializer.h">
      <Filter>wsdl\xmlpull</Filter>
    </ClInclude>
    <ClInclude Include="wsdl\xmlpull\XmlUtils.h">
      <Filter>wsdl\xmlpull</Filter>
    </ClInclude>
    <ClInclude Include="LoginLogicExt.h" />
  </ItemGroup>
  <ItemGroup>
    <None Include="..\engine\head\core\rtc2_thread.inl">
      <Filter>engine\core\include</Filter>
    </None>
  </ItemGroup>
  <ItemGroup>
    <Image Include="icon_login.ico">
      <Filter>resource</Filter>
    </Image>
  </ItemGroup>
  <ItemGroup>
    <ResourceCompile Include="login_server.rc">
      <Filter>resource</Filter>
    </ResourceCompile>
  </ItemGroup>
</Project>