<?xml version="1.0" encoding="utf-8"?>
<Project ToolsVersion="4.0" xmlns="http://schemas.microsoft.com/developer/msbuild/2003">
  <ItemGroup>
    <Filter Include="sdk">
      <UniqueIdentifier>{4a2e46df-4aef-4763-a89f-27b5fbc9f1f3}</UniqueIdentifier>
    </Filter>
    <Filter Include="src">
      <UniqueIdentifier>{6c23d6e6-5727-4de4-b4f3-9c83bcc7a78f}</UniqueIdentifier>
    </Filter>
  </ItemGroup>
  <ItemGroup>
    <ClInclude Include="blow_fish.h">
      <Filter>src</Filter>
    </ClInclude>
    <ClInclude Include="..\..\engine\head\filepack\game_filter.h">
      <Filter>sdk</Filter>
    </ClInclude>
    <ClInclude Include="..\..\engine\head\filepack\game_pack.h">
      <Filter>sdk</Filter>
    </ClInclude>
    <ClInclude Include="..\..\engine\head\filepack\memory_buffer.h">
      <Filter>sdk</Filter>
    </ClInclude>
    <ClInclude Include="..\..\engine\head\filepack\memory_file.h">
      <Filter>sdk</Filter>
    </ClInclude>
    <ClInclude Include="..\..\engine\head\filepack\normal_pack.h">
      <Filter>sdk</Filter>
    </ClInclude>
    <ClInclude Include="..\..\engine\head\filepack\pack_error.h">
      <Filter>sdk</Filter>
    </ClInclude>
    <ClInclude Include="..\..\engine\head\filepack\pack_factory.h">
      <Filter>sdk</Filter>
    </ClInclude>
    <ClInclude Include="..\..\engine\head\filepack\pack_file.h">
      <Filter>sdk</Filter>
    </ClInclude>
    <ClInclude Include="..\..\engine\head\filepack\pack_manager.h">
      <Filter>sdk</Filter>
    </ClInclude>
    <ClInclude Include="..\..\engine\head\filepack\profile.h">
      <Filter>sdk</Filter>
    </ClInclude>
    <ClInclude Include="..\..\engine\head\filepack\profile_result.h">
      <Filter>sdk</Filter>
    </ClInclude>
    <ClInclude Include="..\..\engine\head\filepack\rt_async_file.h">
      <Filter>sdk</Filter>
    </ClInclude>
    <ClInclude Include="..\..\engine\head\filepack\unpack_file.h">
      <Filter>sdk</Filter>
    </ClInclude>
    <ClInclude Include="..\..\engine\head\filepack\ansi_file.h">
      <Filter>sdk</Filter>
    </ClInclude>
    <ClInclude Include="..\..\engine\head\filepack\compress_mode.h">
      <Filter>sdk</Filter>
    </ClInclude>
    <ClInclude Include="..\..\engine\head\filepack\file_error.h">
      <Filter>sdk</Filter>
    </ClInclude>
  </ItemGroup>
  <ItemGroup>
    <ClCompile Include="ansi_file.cpp">
      <Filter>src</Filter>
    </ClCompile>
    <ClCompile Include="blow_fish.cpp">
      <Filter>src</Filter>
    </ClCompile>
    <ClCompile Include="game_pack.cpp">
      <Filter>src</Filter>
    </ClCompile>
    <ClCompile Include="normal_pack.cpp">
      <Filter>src</Filter>
    </ClCompile>
    <ClCompile Include="pack_factory.cpp">
      <Filter>src</Filter>
    </ClCompile>
    <ClCompile Include="pack_file.cpp">
      <Filter>src</Filter>
    </ClCompile>
    <ClCompile Include="pack_manager.cpp">
      <Filter>src</Filter>
    </ClCompile>
    <ClCompile Include="profile.cpp">
      <Filter>src</Filter>
    </ClCompile>
    <ClCompile Include="profile_result.cpp">
      <Filter>src</Filter>
    </ClCompile>
    <ClCompile Include="unpack_file.cpp">
      <Filter>src</Filter>
    </ClCompile>
  </ItemGroup>
</Project>