<?xml version="1.0" encoding="utf-8"?>
<Project ToolsVersion="4.0" xmlns="http://schemas.microsoft.com/developer/msbuild/2003">
  <ItemGroup>
    <Filter Include="game">
      <UniqueIdentifier>{331071b9-d1dc-4591-835b-44e54b0e39be}</UniqueIdentifier>
    </Filter>
    <Filter Include="game\world">
      <UniqueIdentifier>{81264c8f-c46d-450f-9314-f2378095f5ad}</UniqueIdentifier>
    </Filter>
    <Filter Include="game\assistant">
      <UniqueIdentifier>{7dbe0b8d-e6c1-4ad3-b720-e4d9d4360fd9}</UniqueIdentifier>
    </Filter>
    <Filter Include="game\assistant\profile">
      <UniqueIdentifier>{57b4513e-d0f4-436a-af56-d857de244746}</UniqueIdentifier>
    </Filter>
    <Filter Include="game\assistant\debug">
      <UniqueIdentifier>{c1eebe13-531b-4524-a01f-703121ac70f4}</UniqueIdentifier>
    </Filter>
    <Filter Include="game\assistant\debug\assistant">
      <UniqueIdentifier>{0bca6e66-b37a-4bed-8af8-e4db8a788b5f}</UniqueIdentifier>
    </Filter>
    <Filter Include="game\actor">
      <UniqueIdentifier>{2e8eaa6d-f874-4fdd-9859-671298539835}</UniqueIdentifier>
    </Filter>
    <Filter Include="game\missile">
      <UniqueIdentifier>{ac468d82-3794-472b-99f7-568ab62a94a2}</UniqueIdentifier>
    </Filter>
    <Filter Include="game\missile\base">
      <UniqueIdentifier>{118af398-d631-4f09-b13d-4b9414d288f2}</UniqueIdentifier>
    </Filter>
    <Filter Include="game\item">
      <UniqueIdentifier>{234acfb1-e3cf-429d-a9d7-f7e6b35bd7df}</UniqueIdentifier>
    </Filter>
    <Filter Include="game\ui">
      <UniqueIdentifier>{976bab56-b56a-4632-919e-adc85ace2055}</UniqueIdentifier>
    </Filter>
    <Filter Include="game\ui\ui_business_items">
      <UniqueIdentifier>{46b5c247-e40c-4157-bf04-c8b4e63c2b47}</UniqueIdentifier>
    </Filter>
    <Filter Include="game\ui\ui_union">
      <UniqueIdentifier>{bbba67e2-d5d3-44da-ad47-5a7cd6a1eb6e}</UniqueIdentifier>
    </Filter>
    <Filter Include="game\ui\ui_feod_castlewar">
      <UniqueIdentifier>{c9fd3c59-203b-4e15-9851-d8e31724ab5d}</UniqueIdentifier>
    </Filter>
    <Filter Include="game\ui\ui_skill">
      <UniqueIdentifier>{9490fcea-e50e-4720-a57a-2eb67272bade}</UniqueIdentifier>
    </Filter>
    <Filter Include="game\ui\ui_other">
      <UniqueIdentifier>{1d84a0bd-8129-45b7-aafa-54b9c73a851c}</UniqueIdentifier>
    </Filter>
    <Filter Include="game\ui\ui_card">
      <UniqueIdentifier>{f4af9227-507c-4117-be3e-9dfae9c11e6f}</UniqueIdentifier>
    </Filter>
    <Filter Include="game\ui\ui_bank_shop_trade">
      <UniqueIdentifier>{d62aad31-6750-47a1-919b-8c5c7e854c0a}</UniqueIdentifier>
    </Filter>
    <Filter Include="game\ui\ui_dungeon">
      <UniqueIdentifier>{6e4b1948-c58b-4ca4-a671-1982fca7e799}</UniqueIdentifier>
    </Filter>
    <Filter Include="game\ui\ui_auction">
      <UniqueIdentifier>{452ef88f-7f1c-4fc8-9a9f-9dd74701a1e4}</UniqueIdentifier>
    </Filter>
    <Filter Include="game\ui\ui_warfield">
      <UniqueIdentifier>{9bb6f9a7-af53-404c-855c-53edd0942856}</UniqueIdentifier>
    </Filter>
    <Filter Include="game\ui\ui_pet">
      <UniqueIdentifier>{f733a37a-1d43-4a69-bad6-2d7e6fcf9606}</UniqueIdentifier>
    </Filter>
    <Filter Include="game\skill">
      <UniqueIdentifier>{b9f4cf15-a806-4df8-9aff-2f9bf7a02054}</UniqueIdentifier>
    </Filter>
    <Filter Include="game\chat">
      <UniqueIdentifier>{837c429e-ef14-42cb-a678-ff256f065036}</UniqueIdentifier>
    </Filter>
    <Filter Include="game\chat\assistant">
      <UniqueIdentifier>{a6f1562f-9663-475e-8075-d3650b9de8a9}</UniqueIdentifier>
    </Filter>
    <Filter Include="game\team">
      <UniqueIdentifier>{a3036463-de87-4f43-a5e2-98a11292ae12}</UniqueIdentifier>
    </Filter>
    <Filter Include="game\team\assistant">
      <UniqueIdentifier>{817c62fa-6dff-4171-ac36-6b71e2e18368}</UniqueIdentifier>
    </Filter>
    <Filter Include="game\union">
      <UniqueIdentifier>{dad79511-95f1-43a4-b3a5-675e5e651757}</UniqueIdentifier>
    </Filter>
    <Filter Include="game\_util">
      <UniqueIdentifier>{e2540b0e-3ed3-441f-83de-3e1a643ecd7d}</UniqueIdentifier>
    </Filter>
    <Filter Include="game\castlewar">
      <UniqueIdentifier>{6015f861-a7a3-4d6f-9667-ab3a4a74ac4b}</UniqueIdentifier>
    </Filter>
    <Filter Include="game\prentice">
      <UniqueIdentifier>{3dff9b86-ec5a-4894-82b8-8f01d1ef523b}</UniqueIdentifier>
    </Filter>
    <Filter Include="game\auction">
      <UniqueIdentifier>{3f4d1b67-343d-4236-9783-bd57d4601765}</UniqueIdentifier>
    </Filter>
    <Filter Include="game\mail">
      <UniqueIdentifier>{931c95ac-49a1-46eb-8946-ed1b335834e0}</UniqueIdentifier>
    </Filter>
    <Filter Include="game\mail\assistant">
      <UniqueIdentifier>{886980ea-fd7b-4588-9978-e461a3e4e368}</UniqueIdentifier>
    </Filter>
    <Filter Include="game\mail\master_list">
      <UniqueIdentifier>{c9828cab-b6fb-4fab-9f13-d19952104aa3}</UniqueIdentifier>
    </Filter>
    <Filter Include="game\encrypt">
      <UniqueIdentifier>{ba31b72c-849a-46c4-824a-1971ba2a4950}</UniqueIdentifier>
    </Filter>
    <Filter Include="game\pet">
      <UniqueIdentifier>{03d6776b-20f3-4c65-b411-2f9640473a69}</UniqueIdentifier>
    </Filter>
    <Filter Include="frame">
      <UniqueIdentifier>{40d58819-a1e3-45ed-85ef-d8af863e3232}</UniqueIdentifier>
    </Filter>
    <Filter Include="frame\win_main">
      <UniqueIdentifier>{cf8cb1d9-d48d-4fdb-8d95-5f0ea0e68ce4}</UniqueIdentifier>
    </Filter>
    <Filter Include="frame\graph">
      <UniqueIdentifier>{031d344d-e409-44c1-9fb8-a394aadc4a8d}</UniqueIdentifier>
    </Filter>
    <Filter Include="frame\net">
      <UniqueIdentifier>{9788b005-3c23-47e1-b71c-c979a03d6a9c}</UniqueIdentifier>
    </Filter>
    <Filter Include="frame\log_msg">
      <UniqueIdentifier>{01139388-d459-458d-80a9-e1a17159c8ae}</UniqueIdentifier>
    </Filter>
    <Filter Include="frame\script_interface">
      <UniqueIdentifier>{820c3a8f-f5ab-4ddd-9596-17b46ab0edfa}</UniqueIdentifier>
    </Filter>
    <Filter Include="frame\script_interface\lua">
      <UniqueIdentifier>{ac0a2045-d330-486a-92c5-657ccb55fe4f}</UniqueIdentifier>
    </Filter>
    <Filter Include="frame\script_interface\LuaSource">
      <UniqueIdentifier>{579412d9-ce7f-4dd2-b4ad-86919bf8223d}</UniqueIdentifier>
    </Filter>
    <Filter Include="frame\script_interface\LuaSource\include">
      <UniqueIdentifier>{8d65dfbe-bdcf-4528-864d-4ab437f9da12}</UniqueIdentifier>
    </Filter>
    <Filter Include="frame\script_interface\LuaSource\src">
      <UniqueIdentifier>{729fe8a1-4e72-4165-90ae-9695104808fa}</UniqueIdentifier>
    </Filter>
    <Filter Include="frame\script_interface\LuaSource\src\lib">
      <UniqueIdentifier>{be97c249-54c2-4c4e-a531-cc60f86453e8}</UniqueIdentifier>
    </Filter>
    <Filter Include="frame\script_interface\LuaSource\src\lua">
      <UniqueIdentifier>{e9c46d0f-b4fc-4965-948a-b7877cbf0f77}</UniqueIdentifier>
    </Filter>
    <Filter Include="frame\script_interface\LuaSource\src\luac">
      <UniqueIdentifier>{6b92df11-9c3f-41a4-bb85-1e177fb6740b}</UniqueIdentifier>
    </Filter>
    <Filter Include="frame\resource">
      <UniqueIdentifier>{e4472c1e-0954-4c93-af4f-219faa3961a3}</UniqueIdentifier>
    </Filter>
    <Filter Include="frame\resource\cur">
      <UniqueIdentifier>{1c3a2092-2f87-42d8-a8d0-7998d7c9e1fc}</UniqueIdentifier>
    </Filter>
    <Filter Include="frame\nes">
      <UniqueIdentifier>{8ac2ec69-338b-48c8-85c5-dbe1a587df00}</UniqueIdentifier>
    </Filter>
    <Filter Include="game\ui\ui_lyyFix">
      <UniqueIdentifier>{4d437c3e-1aad-4a26-a4ad-27dde1b14cb3}</UniqueIdentifier>
    </Filter>
    <Filter Include="refactor">
      <UniqueIdentifier>{a4d67ef6-8025-4a44-a058-e1f11e12435c}</UniqueIdentifier>
    </Filter>
    <Filter Include="refactor\ui_login">
      <UniqueIdentifier>{15604f31-eb3c-4b19-b468-4c51cda45bc4}</UniqueIdentifier>
    </Filter>
    <Filter Include="refactor\preUtils">
      <UniqueIdentifier>{51a62569-c5d0-4dd0-8077-48f05ee95332}</UniqueIdentifier>
    </Filter>
    <Filter Include="refactor\fps">
      <UniqueIdentifier>{3caebf2f-d00a-4859-892e-8a529b25c958}</UniqueIdentifier>
    </Filter>
    <Filter Include="other">
      <UniqueIdentifier>{e53ae7c9-1e11-4025-82a0-147fc9a13aac}</UniqueIdentifier>
    </Filter>
    <Filter Include="engine_sdk">
      <UniqueIdentifier>{56d08249-702e-4a07-a9a6-6faedd024680}</UniqueIdentifier>
    </Filter>
    <Filter Include="engine_sdk\core">
      <UniqueIdentifier>{ab67378b-c68b-4b76-9e1e-4df4f175b778}</UniqueIdentifier>
    </Filter>
    <Filter Include="engine_sdk\core\core_include">
      <UniqueIdentifier>{6847a0f0-6eeb-4e89-b2a4-5eff806b96ac}</UniqueIdentifier>
    </Filter>
    <Filter Include="engine_sdk\graph">
      <UniqueIdentifier>{8ccf94a7-368c-40c7-adbe-0d1ef8fae278}</UniqueIdentifier>
    </Filter>
    <Filter Include="engine_sdk\graph\graph_include">
      <UniqueIdentifier>{856f3299-1e9e-4d0f-857a-bdf4ebc89781}</UniqueIdentifier>
    </Filter>
    <Filter Include="engine_sdk\graph\graph_source">
      <UniqueIdentifier>{7b584bea-5d39-4588-b77e-7dde3836ac5f}</UniqueIdentifier>
    </Filter>
    <Filter Include="engine_sdk\scene">
      <UniqueIdentifier>{49a7b0fb-4535-4965-8d50-a87aa530e727}</UniqueIdentifier>
    </Filter>
    <Filter Include="engine_sdk\scene\scene_include">
      <UniqueIdentifier>{d35f63ca-2a03-4deb-9f51-fdd1294d0ed1}</UniqueIdentifier>
    </Filter>
    <Filter Include="engine_sdk\scene\scene_source">
      <UniqueIdentifier>{48bdfc1f-64d9-44e2-abe3-f8e8b18eb455}</UniqueIdentifier>
    </Filter>
    <Filter Include="engine_sdk\character">
      <UniqueIdentifier>{631544f1-a343-4bfe-9593-bbc07f1d60c1}</UniqueIdentifier>
    </Filter>
    <Filter Include="engine_sdk\character\character_include">
      <UniqueIdentifier>{f6c6f2df-0897-46a2-af13-4808fa7aef5c}</UniqueIdentifier>
    </Filter>
    <Filter Include="engine_sdk\character\character_source">
      <UniqueIdentifier>{46b0cb3e-1091-4ef6-b1a6-b715574e8367}</UniqueIdentifier>
    </Filter>
    <Filter Include="engine_sdk\net">
      <UniqueIdentifier>{06c74e77-0993-432a-be4f-e218c03f33eb}</UniqueIdentifier>
    </Filter>
    <Filter Include="engine_sdk\net\net_include">
      <UniqueIdentifier>{5b0836d7-043d-4f78-92e8-143b29ffd7f8}</UniqueIdentifier>
    </Filter>
    <Filter Include="engine_sdk\net\net_include\net_source">
      <UniqueIdentifier>{e8b89d12-32e3-46bf-98d9-7fc12e363719}</UniqueIdentifier>
    </Filter>
    <Filter Include="engine_sdk\audio">
      <UniqueIdentifier>{9b01d925-6726-4038-9d37-f6b7d24c0fc7}</UniqueIdentifier>
    </Filter>
    <Filter Include="engine_sdk\audio\audio_include">
      <UniqueIdentifier>{4cfb5b8c-b70a-4907-ae5a-af51a9e983e3}</UniqueIdentifier>
    </Filter>
    <Filter Include="engine_sdk\audio\audio_source">
      <UniqueIdentifier>{88f95b83-11db-4516-b21e-176583b1106f}</UniqueIdentifier>
    </Filter>
    <Filter Include="engine_sdk\ui">
      <UniqueIdentifier>{3164d706-eb70-406b-8eca-8d2670f4ed76}</UniqueIdentifier>
    </Filter>
    <Filter Include="engine_sdk\file_pack">
      <UniqueIdentifier>{85c3916f-3d50-4a33-bf0e-3fdb519c8d9f}</UniqueIdentifier>
    </Filter>
    <Filter Include="engine_sdk\file_pack\assistant">
      <UniqueIdentifier>{91eed570-4e6d-4b0c-b31b-473dd6a361f0}</UniqueIdentifier>
    </Filter>
    <Filter Include="engine_sdk\file_pack\interface">
      <UniqueIdentifier>{a83a4063-3933-413d-a777-8885490eabd9}</UniqueIdentifier>
    </Filter>
  </ItemGroup>
  <ItemGroup>
    <ClInclude Include="..\engine\head\core\rt2_core.h">
      <Filter>engine_sdk\core</Filter>
    </ClInclude>
    <ClInclude Include="..\engine\head\core\rtc2_build_option.h">
      <Filter>engine_sdk\core\core_include</Filter>
    </ClInclude>
    <ClInclude Include="..\engine\head\core\rtc2_database.h">
      <Filter>engine_sdk\core\core_include</Filter>
    </ClInclude>
    <ClInclude Include="..\engine\head\core\rtc2_debug.h">
      <Filter>engine_sdk\core\core_include</Filter>
    </ClInclude>
    <ClInclude Include="..\engine\head\core\rtc2_encrypt.h">
      <Filter>engine_sdk\core\core_include</Filter>
    </ClInclude>
    <ClInclude Include="..\engine\head\core\rtc2_engine_sys.h">
      <Filter>engine_sdk\core\core_include</Filter>
    </ClInclude>
    <ClInclude Include="..\engine\head\core\rtc2_file.h">
      <Filter>engine_sdk\core\core_include</Filter>
    </ClInclude>
    <ClInclude Include="..\engine\head\core\rtc2_lock.h">
      <Filter>engine_sdk\core\core_include</Filter>
    </ClInclude>
    <ClInclude Include="..\engine\head\core\rtc2_log.h">
      <Filter>engine_sdk\core\core_include</Filter>
    </ClInclude>
    <ClInclude Include="..\engine\head\core\rtc2_math.h">
      <Filter>engine_sdk\core\core_include</Filter>
    </ClInclude>
    <ClInclude Include="..\engine\head\core\rtc2_memory.h">
      <Filter>engine_sdk\core\core_include</Filter>
    </ClInclude>
    <ClInclude Include="..\engine\head\core\rtc2_object.h">
      <Filter>engine_sdk\core\core_include</Filter>
    </ClInclude>
    <ClInclude Include="..\engine\head\core\rtc2_platform.h">
      <Filter>engine_sdk\core\core_include</Filter>
    </ClInclude>
    <ClInclude Include="..\engine\head\core\rtc2_platform_unix.h">
      <Filter>engine_sdk\core\core_include</Filter>
    </ClInclude>
    <ClInclude Include="..\engine\head\core\rtc2_platform_win32.h">
      <Filter>engine_sdk\core\core_include</Filter>
    </ClInclude>
    <ClInclude Include="..\engine\head\core\rtc2_process.h">
      <Filter>engine_sdk\core\core_include</Filter>
    </ClInclude>
    <ClInclude Include="..\engine\head\core\rtc2_smartptr.h">
      <Filter>engine_sdk\core\core_include</Filter>
    </ClInclude>
    <ClInclude Include="..\engine\head\core\rtc2_string.h">
      <Filter>engine_sdk\core\core_include</Filter>
    </ClInclude>
    <ClInclude Include="..\engine\head\core\rtc2_system_info.h">
      <Filter>engine_sdk\core\core_include</Filter>
    </ClInclude>
    <ClInclude Include="..\engine\head\core\rtc2_text.h">
      <Filter>engine_sdk\core\core_include</Filter>
    </ClInclude>
    <ClInclude Include="..\engine\head\core\rtc2_text_ini.h">
      <Filter>engine_sdk\core\core_include</Filter>
    </ClInclude>
    <ClInclude Include="..\engine\head\core\rtc2_text_table.h">
      <Filter>engine_sdk\core\core_include</Filter>
    </ClInclude>
    <ClInclude Include="..\engine\head\core\rtc2_text_util.h">
      <Filter>engine_sdk\core\core_include</Filter>
    </ClInclude>
    <ClInclude Include="..\engine\head\core\rtc2_text_xml.h">
      <Filter>engine_sdk\core\core_include</Filter>
    </ClInclude>
    <ClInclude Include="..\engine\head\core\rtc2_thread.h">
      <Filter>engine_sdk\core\core_include</Filter>
    </ClInclude>
    <ClInclude Include="..\engine\head\core\rtc2_thread_event.h">
      <Filter>engine_sdk\core\core_include</Filter>
    </ClInclude>
    <ClInclude Include="..\engine\head\core\rtc2_time.h">
      <Filter>engine_sdk\core\core_include</Filter>
    </ClInclude>
    <ClInclude Include="..\engine\head\core\rtc2_util.h">
      <Filter>engine_sdk\core\core_include</Filter>
    </ClInclude>
    <ClInclude Include="..\engine\head\core\zconf.h">
      <Filter>engine_sdk\core\core_include</Filter>
    </ClInclude>
    <ClInclude Include="..\engine\head\core\zlib.h">
      <Filter>engine_sdk\core\core_include</Filter>
    </ClInclude>
    <ClInclude Include="..\engine\head\core\zstream.h">
      <Filter>engine_sdk\core\core_include</Filter>
    </ClInclude>
    <ClInclude Include="..\engine\head\graph\rt_graph.h">
      <Filter>engine_sdk\graph</Filter>
    </ClInclude>
    <ClInclude Include="..\engine\head\graph\rtg_buffer.h">
      <Filter>engine_sdk\graph\graph_include</Filter>
    </ClInclude>
    <ClInclude Include="..\engine\head\graph\rtg_camera.h">
      <Filter>engine_sdk\graph\graph_include</Filter>
    </ClInclude>
    <ClInclude Include="..\engine\head\graph\rtg_collision.h">
      <Filter>engine_sdk\graph\graph_include</Filter>
    </ClInclude>
    <ClInclude Include="..\engine\head\graph\rtg_config.h">
      <Filter>engine_sdk\graph\graph_include</Filter>
    </ClInclude>
    <ClInclude Include="..\engine\head\graph\rtg_device.h">
      <Filter>engine_sdk\graph\graph_include</Filter>
    </ClInclude>
    <ClInclude Include="..\engine\head\graph\rtg_device_2d.h">
      <Filter>engine_sdk\graph\graph_include</Filter>
    </ClInclude>
    <ClInclude Include="..\engine\head\graph\rtg_device_event.h">
      <Filter>engine_sdk\graph\graph_include</Filter>
    </ClInclude>
    <ClInclude Include="..\engine\head\graph\rtg_enum.h">
      <Filter>engine_sdk\graph\graph_include</Filter>
    </ClInclude>
    <ClInclude Include="..\engine\head\graph\rtg_frame.h">
      <Filter>engine_sdk\graph\graph_include</Filter>
    </ClInclude>
    <ClInclude Include="..\engine\head\graph\rtg_frustum.h">
      <Filter>engine_sdk\graph\graph_include</Filter>
    </ClInclude>
    <ClInclude Include="..\engine\head\graph\rtg_geometry.h">
      <Filter>engine_sdk\graph\graph_include</Filter>
    </ClInclude>
    <ClInclude Include="..\engine\head\graph\rtg_graph.h">
      <Filter>engine_sdk\graph\graph_include</Filter>
    </ClInclude>
    <ClInclude Include="..\engine\head\graph\rtg_image.h">
      <Filter>engine_sdk\graph\graph_include</Filter>
    </ClInclude>
    <ClInclude Include="..\engine\head\graph\rtg_ligth.h">
      <Filter>engine_sdk\graph\graph_include</Filter>
    </ClInclude>
    <ClInclude Include="..\engine\head\graph\rtg_math.h">
      <Filter>engine_sdk\graph\graph_include</Filter>
    </ClInclude>
    <ClInclude Include="..\engine\head\graph\rtg_matrix.h">
      <Filter>engine_sdk\graph\graph_include</Filter>
    </ClInclude>
    <ClInclude Include="..\engine\head\graph\rtg_node.h">
      <Filter>engine_sdk\graph\graph_include</Filter>
    </ClInclude>
    <ClInclude Include="..\engine\head\graph\rtg_plane.h">
      <Filter>engine_sdk\graph\graph_include</Filter>
    </ClInclude>
    <ClInclude Include="..\engine\head\graph\rtg_refreshrate.h">
      <Filter>engine_sdk\graph\graph_include</Filter>
    </ClInclude>
    <ClInclude Include="..\engine\head\graph\rtg_shader.h">
      <Filter>engine_sdk\graph\graph_include</Filter>
    </ClInclude>
    <ClInclude Include="..\engine\head\graph\rtg_texture.h">
      <Filter>engine_sdk\graph\graph_include</Filter>
    </ClInclude>
    <ClInclude Include="..\engine\head\graph\rtg_triangle.h">
      <Filter>engine_sdk\graph\graph_include</Filter>
    </ClInclude>
    <ClInclude Include="..\engine\head\graph\rtg_type.h">
      <Filter>engine_sdk\graph\graph_include</Filter>
    </ClInclude>
    <ClInclude Include="..\engine\head\graph\rtg_util.h">
      <Filter>engine_sdk\graph\graph_include</Filter>
    </ClInclude>
    <ClInclude Include="..\engine\head\graph\rtg_vertex.h">
      <Filter>engine_sdk\graph\graph_include</Filter>
    </ClInclude>
    <ClInclude Include="..\engine\head\scene\rt_scene.h">
      <Filter>engine_sdk\scene\scene_include</Filter>
    </ClInclude>
    <ClInclude Include="..\engine\head\scene\rts_audio_3d.h">
      <Filter>engine_sdk\scene\scene_include</Filter>
    </ClInclude>
    <ClInclude Include="..\engine\head\scene\rts_d_light.h">
      <Filter>engine_sdk\scene\scene_include</Filter>
    </ClInclude>
    <ClInclude Include="..\engine\head\scene\rts_footprint.h">
      <Filter>engine_sdk\scene\scene_include</Filter>
    </ClInclude>
    <ClInclude Include="..\engine\head\scene\rts_grass_render.h">
      <Filter>engine_sdk\scene\scene_include</Filter>
    </ClInclude>
    <ClInclude Include="..\engine\head\scene\rts_innerve.h">
      <Filter>engine_sdk\scene\scene_include</Filter>
    </ClInclude>
    <ClInclude Include="..\engine\head\scene\rts_light.h">
      <Filter>engine_sdk\scene\scene_include</Filter>
    </ClInclude>
    <ClInclude Include="..\engine\head\scene\rts_model.h">
      <Filter>engine_sdk\scene\scene_include</Filter>
    </ClInclude>
    <ClInclude Include="..\engine\head\scene\rts_obj_render_agent.h">
      <Filter>engine_sdk\scene\scene_include</Filter>
    </ClInclude>
    <ClInclude Include="..\engine\head\scene\rts_object.h">
      <Filter>engine_sdk\scene\scene_include</Filter>
    </ClInclude>
    <ClInclude Include="..\engine\head\scene\rts_object_manger.h">
      <Filter>engine_sdk\scene\scene_include</Filter>
    </ClInclude>
    <ClInclude Include="..\engine\head\scene\rts_path_find.h">
      <Filter>engine_sdk\scene\scene_include</Filter>
    </ClInclude>
    <ClInclude Include="..\engine\head\scene\rts_path_point.h">
      <Filter>engine_sdk\scene\scene_include</Filter>
    </ClInclude>
    <ClInclude Include="..\engine\head\scene\rts_scene.h">
      <Filter>engine_sdk\scene\scene_include</Filter>
    </ClInclude>
    <ClInclude Include="..\engine\head\scene\rts_scene_area.h">
      <Filter>engine_sdk\scene\scene_include</Filter>
    </ClInclude>
    <ClInclude Include="..\engine\head\scene\rts_scene_block.h">
      <Filter>engine_sdk\scene\scene_include</Filter>
    </ClInclude>
    <ClInclude Include="..\engine\head\scene\rts_scene_doc.h">
      <Filter>engine_sdk\scene\scene_include</Filter>
    </ClInclude>
    <ClInclude Include="..\engine\head\scene\rts_scene_terrain.h">
      <Filter>engine_sdk\scene\scene_include</Filter>
    </ClInclude>
    <ClInclude Include="..\engine\head\scene\rts_scene_type.h">
      <Filter>engine_sdk\scene\scene_include</Filter>
    </ClInclude>
    <ClInclude Include="..\engine\head\scene\rts_scene_util.h">
      <Filter>engine_sdk\scene\scene_include</Filter>
    </ClInclude>
    <ClInclude Include="..\engine\head\scene\rts_SceneManager.h">
      <Filter>engine_sdk\scene\scene_include</Filter>
    </ClInclude>
    <ClInclude Include="..\engine\head\scene\rts_sv_scene.h">
      <Filter>engine_sdk\scene\scene_include</Filter>
    </ClInclude>
    <ClInclude Include="..\engine\head\character\actor.h">
      <Filter>engine_sdk\character\character_include</Filter>
    </ClInclude>
    <ClInclude Include="..\engine\head\character\cha_anim.h">
      <Filter>engine_sdk\character\character_include</Filter>
    </ClInclude>
    <ClInclude Include="..\engine\head\character\cha_basic.h">
      <Filter>engine_sdk\character\character_include</Filter>
    </ClInclude>
    <ClInclude Include="..\engine\head\character\cha_effect.h">
      <Filter>engine_sdk\character\character_include</Filter>
    </ClInclude>
    <ClInclude Include="..\engine\head\character\cha_mtl.h">
      <Filter>engine_sdk\character\character_include</Filter>
    </ClInclude>
    <ClInclude Include="..\engine\head\net\rt_net.h">
      <Filter>engine_sdk\net\net_include</Filter>
    </ClInclude>
    <ClInclude Include="..\engine\head\net\g_cmdpacket.h">
      <Filter>engine_sdk\net\net_include\net_source</Filter>
    </ClInclude>
    <ClInclude Include="..\engine\head\net\g_netpacket.h">
      <Filter>engine_sdk\net\net_include\net_source</Filter>
    </ClInclude>
    <ClInclude Include="..\engine\head\net\g_netsocket.h">
      <Filter>engine_sdk\net\net_include\net_source</Filter>
    </ClInclude>
    <ClInclude Include="..\engine\head\net\g_tcplistener.h">
      <Filter>engine_sdk\net\net_include\net_source</Filter>
    </ClInclude>
    <ClInclude Include="..\engine\head\net\g_tcpsession.h">
      <Filter>engine_sdk\net\net_include\net_source</Filter>
    </ClInclude>
    <ClInclude Include="..\engine\head\net\g_udpsession.h">
      <Filter>engine_sdk\net\net_include\net_source</Filter>
    </ClInclude>
    <ClInclude Include="..\engine\head\audio\rt_audio.h">
      <Filter>engine_sdk\audio</Filter>
    </ClInclude>
    <ClInclude Include="..\..\engine\head\audio\rt_audio.h">
      <Filter>engine_sdk\audio\audio_include</Filter>
    </ClInclude>
    <ClInclude Include="..\..\engine\head\audio\rta_back_music.h">
      <Filter>engine_sdk\audio\audio_include</Filter>
    </ClInclude>
    <ClInclude Include="..\..\engine\head\audio\rta_sound.h">
      <Filter>engine_sdk\audio\audio_include</Filter>
    </ClInclude>
    <ClInclude Include="..\..\engine\head\audio\rta_sound_mgr.h">
      <Filter>engine_sdk\audio\audio_include</Filter>
    </ClInclude>
    <ClInclude Include="..\engine\head\ui\rtw_3dview.h">
      <Filter>engine_sdk\ui</Filter>
    </ClInclude>
    <ClInclude Include="..\engine\head\ui\rtw_animation.h">
      <Filter>engine_sdk\ui</Filter>
    </ClInclude>
    <ClInclude Include="..\engine\head\ui\rtw_base.h">
      <Filter>engine_sdk\ui</Filter>
    </ClInclude>
    <ClInclude Include="..\engine\head\ui\rtw_button.h">
      <Filter>engine_sdk\ui</Filter>
    </ClInclude>
    <ClInclude Include="..\engine\head\ui\rtw_chatbox.h">
      <Filter>engine_sdk\ui</Filter>
    </ClInclude>
    <ClInclude Include="..\engine\head\ui\rtw_chatinputbox.h">
      <Filter>engine_sdk\ui</Filter>
    </ClInclude>
    <ClInclude Include="..\engine\head\ui\rtw_clipboard.h">
      <Filter>engine_sdk\ui</Filter>
    </ClInclude>
    <ClInclude Include="..\engine\head\ui\rtw_combobox.h">
      <Filter>engine_sdk\ui</Filter>
    </ClInclude>
    <ClInclude Include="..\engine\head\ui\rtw_config.h">
      <Filter>engine_sdk\ui</Filter>
    </ClInclude>
    <ClInclude Include="..\engine\head\ui\rtw_delegate.h">
      <Filter>engine_sdk\ui</Filter>
    </ClInclude>
    <ClInclude Include="..\engine\head\ui\rtw_device2d.h">
      <Filter>engine_sdk\ui</Filter>
    </ClInclude>
    <ClInclude Include="..\engine\head\ui\rtw_document.h">
      <Filter>engine_sdk\ui</Filter>
    </ClInclude>
    <ClInclude Include="..\engine\head\ui\rtw_event.h">
      <Filter>engine_sdk\ui</Filter>
    </ClInclude>
    <ClInclude Include="..\engine\head\ui\rtw_font.h">
      <Filter>engine_sdk\ui</Filter>
    </ClInclude>
    <ClInclude Include="..\engine\head\ui\rtw_form.h">
      <Filter>engine_sdk\ui</Filter>
    </ClInclude>
    <ClInclude Include="..\engine\head\ui\rtw_hint.h">
      <Filter>engine_sdk\ui</Filter>
    </ClInclude>
    <ClInclude Include="..\engine\head\ui\rtw_htmlelement.h">
      <Filter>engine_sdk\ui</Filter>
    </ClInclude>
    <ClInclude Include="..\engine\head\ui\rtw_htmllayout.h">
      <Filter>engine_sdk\ui</Filter>
    </ClInclude>
    <ClInclude Include="..\engine\head\ui\rtw_htmlloader.h">
      <Filter>engine_sdk\ui</Filter>
    </ClInclude>
    <ClInclude Include="..\engine\head\ui\rtw_htmlparser.h">
      <Filter>engine_sdk\ui</Filter>
    </ClInclude>
    <ClInclude Include="..\engine\head\ui\rtw_htmlreflow.h">
      <Filter>engine_sdk\ui</Filter>
    </ClInclude>
    <ClInclude Include="..\engine\head\ui\rtw_htmltaglist.h">
      <Filter>engine_sdk\ui</Filter>
    </ClInclude>
    <ClInclude Include="..\engine\head\ui\rtw_htmltags.h">
      <Filter>engine_sdk\ui</Filter>
    </ClInclude>
    <ClInclude Include="..\engine\head\ui\rtw_htmlview.h">
      <Filter>engine_sdk\ui</Filter>
    </ClInclude>
    <ClInclude Include="..\engine\head\ui\rtw_hud.h">
      <Filter>engine_sdk\ui</Filter>
    </ClInclude>
    <ClInclude Include="..\engine\head\ui\rtw_hyperlink.h">
      <Filter>engine_sdk\ui</Filter>
    </ClInclude>
    <ClInclude Include="..\engine\head\ui\rtw_iconlist.h">
      <Filter>engine_sdk\ui</Filter>
    </ClInclude>
    <ClInclude Include="..\engine\head\ui\rtw_image.h">
      <Filter>engine_sdk\ui</Filter>
    </ClInclude>
    <ClInclude Include="..\engine\head\ui\rtw_label.h">
      <Filter>engine_sdk\ui</Filter>
    </ClInclude>
    <ClInclude Include="..\engine\head\ui\rtw_layer.h">
      <Filter>engine_sdk\ui</Filter>
    </ClInclude>
    <ClInclude Include="..\engine\head\ui\rtw_listbox.h">
      <Filter>engine_sdk\ui</Filter>
    </ClInclude>
    <ClInclude Include="..\engine\head\ui\rtw_mailbox.h">
      <Filter>engine_sdk\ui</Filter>
    </ClInclude>
    <ClInclude Include="..\engine\head\ui\rtw_mediaframe.h">
      <Filter>engine_sdk\ui</Filter>
    </ClInclude>
    <ClInclude Include="..\engine\head\ui\rtw_panel.h">
      <Filter>engine_sdk\ui</Filter>
    </ClInclude>
    <ClInclude Include="..\engine\head\ui\rtw_popup_menu.h">
      <Filter>engine_sdk\ui</Filter>
    </ClInclude>
    <ClInclude Include="..\engine\head\ui\rtw_progressbar.h">
      <Filter>engine_sdk\ui</Filter>
    </ClInclude>
    <ClInclude Include="..\engine\head\ui\rtw_ptr.h">
      <Filter>engine_sdk\ui</Filter>
    </ClInclude>
    <ClInclude Include="..\engine\head\ui\rtw_python.h">
      <Filter>engine_sdk\ui</Filter>
    </ClInclude>
    <ClInclude Include="..\engine\head\ui\rtw_richtext.h">
      <Filter>engine_sdk\ui</Filter>
    </ClInclude>
    <ClInclude Include="..\engine\head\ui\rtw_scrollable.h">
      <Filter>engine_sdk\ui</Filter>
    </ClInclude>
    <ClInclude Include="..\engine\head\ui\rtw_scrollbar.h">
      <Filter>engine_sdk\ui</Filter>
    </ClInclude>
    <ClInclude Include="..\engine\head\ui\rtw_sound.h">
      <Filter>engine_sdk\ui</Filter>
    </ClInclude>
    <ClInclude Include="..\engine\head\ui\rtw_tab.h">
      <Filter>engine_sdk\ui</Filter>
    </ClInclude>
    <ClInclude Include="..\engine\head\ui\rtw_template.h">
      <Filter>engine_sdk\ui</Filter>
    </ClInclude>
    <ClInclude Include="..\engine\head\ui\rtw_textbox.h">
      <Filter>engine_sdk\ui</Filter>
    </ClInclude>
    <ClInclude Include="..\engine\head\ui\rtw_theme.h">
      <Filter>engine_sdk\ui</Filter>
    </ClInclude>
    <ClInclude Include="..\engine\head\ui\rtw_timer.h">
      <Filter>engine_sdk\ui</Filter>
    </ClInclude>
    <ClInclude Include="..\engine\head\ui\rtw_tree.h">
      <Filter>engine_sdk\ui</Filter>
    </ClInclude>
    <ClInclude Include="..\engine\head\ui\rtw_ui.h">
      <Filter>engine_sdk\ui</Filter>
    </ClInclude>
    <ClInclude Include="..\engine\head\ui\rtw_widget.h">
      <Filter>engine_sdk\ui</Filter>
    </ClInclude>
    <ClInclude Include="..\engine\head\ui\rtw_workspace.h">
      <Filter>engine_sdk\ui</Filter>
    </ClInclude>
    <ClInclude Include="..\engine\head\ui\rtw_xml.h">
      <Filter>engine_sdk\ui</Filter>
    </ClInclude>
    <ClInclude Include="..\engine\head\filepack\memory_file.h">
      <Filter>engine_sdk\file_pack</Filter>
    </ClInclude>
    <ClInclude Include="..\engine\head\filepack\ansi_file.h">
      <Filter>engine_sdk\file_pack\assistant</Filter>
    </ClInclude>
    <ClInclude Include="..\engine\head\filepack\compress_mode.h">
      <Filter>engine_sdk\file_pack\assistant</Filter>
    </ClInclude>
    <ClInclude Include="..\engine\head\filepack\file_error.h">
      <Filter>engine_sdk\file_pack\assistant</Filter>
    </ClInclude>
    <ClInclude Include="..\engine\head\filepack\game_filter.h">
      <Filter>engine_sdk\file_pack\assistant</Filter>
    </ClInclude>
    <ClInclude Include="..\engine\head\filepack\memory_buffer.h">
      <Filter>engine_sdk\file_pack\assistant</Filter>
    </ClInclude>
    <ClInclude Include="..\engine\head\filepack\normal_pack.h">
      <Filter>engine_sdk\file_pack\assistant</Filter>
    </ClInclude>
    <ClInclude Include="..\engine\head\filepack\pack_error.h">
      <Filter>engine_sdk\file_pack\assistant</Filter>
    </ClInclude>
    <ClInclude Include="..\engine\head\filepack\pack_factory.h">
      <Filter>engine_sdk\file_pack\assistant</Filter>
    </ClInclude>
    <ClInclude Include="..\engine\head\filepack\pack_file.h">
      <Filter>engine_sdk\file_pack\assistant</Filter>
    </ClInclude>
    <ClInclude Include="..\engine\head\filepack\profile.h">
      <Filter>engine_sdk\file_pack\assistant</Filter>
    </ClInclude>
    <ClInclude Include="..\engine\head\filepack\profile_result.h">
      <Filter>engine_sdk\file_pack\assistant</Filter>
    </ClInclude>
    <ClInclude Include="..\engine\head\filepack\rt_async_file.h">
      <Filter>engine_sdk\file_pack\assistant</Filter>
    </ClInclude>
    <ClInclude Include="..\engine\head\filepack\unpack_file.h">
      <Filter>engine_sdk\file_pack\assistant</Filter>
    </ClInclude>
    <ClInclude Include="..\engine\head\filepack\game_pack.h">
      <Filter>engine_sdk\file_pack\interface</Filter>
    </ClInclude>
    <ClInclude Include="..\engine\head\filepack\pack_manager.h">
      <Filter>engine_sdk\file_pack\interface</Filter>
    </ClInclude>
    <ClInclude Include="game\gc_bulletin.h">
      <Filter>game\world</Filter>
    </ClInclude>
    <ClInclude Include="game\gc_login.h">
      <Filter>game\world</Filter>
    </ClInclude>
    <ClInclude Include="game\gc_world.h">
      <Filter>game\world</Filter>
    </ClInclude>
    <ClInclude Include="game\game_assistant.h">
      <Filter>game\assistant</Filter>
    </ClInclude>
    <ClInclude Include="game\game_clipboard.h">
      <Filter>game\assistant</Filter>
    </ClInclude>
    <ClInclude Include="..\shared\game_filter.h">
      <Filter>game\assistant</Filter>
    </ClInclude>
    <ClInclude Include="game\game_listener.h">
      <Filter>game\assistant</Filter>
    </ClInclude>
    <ClInclude Include="game\game_states_machine.h">
      <Filter>game\assistant</Filter>
    </ClInclude>
    <ClInclude Include="..\shared\game_string_assistant.h">
      <Filter>game\assistant</Filter>
    </ClInclude>
    <ClInclude Include="game\gc_bat.h">
      <Filter>game\assistant</Filter>
    </ClInclude>
    <ClInclude Include="..\shared\multi_sort.h">
      <Filter>game\assistant</Filter>
    </ClInclude>
    <ClInclude Include="..\shared\ref_pointer.h">
      <Filter>game\assistant</Filter>
    </ClInclude>
    <ClInclude Include="game\ui_project.h">
      <Filter>game\assistant</Filter>
    </ClInclude>
    <ClInclude Include="game\ui_project_shell.h">
      <Filter>game\assistant</Filter>
    </ClInclude>
    <ClInclude Include="..\shared\use_count.h">
      <Filter>game\assistant</Filter>
    </ClInclude>
    <ClInclude Include="..\shared\profile.h">
      <Filter>game\assistant\profile</Filter>
    </ClInclude>
    <ClInclude Include="..\shared\profile_result.h">
      <Filter>game\assistant\profile</Filter>
    </ClInclude>
    <ClInclude Include="..\shared\game_debug_interface.h">
      <Filter>game\assistant\debug</Filter>
    </ClInclude>
    <ClInclude Include="..\shared\game_leak_debug.h">
      <Filter>game\assistant\debug</Filter>
    </ClInclude>
    <ClInclude Include="..\shared\game_debug.h">
      <Filter>game\assistant\debug\assistant</Filter>
    </ClInclude>
    <ClInclude Include="..\shared\game_debug_output.h">
      <Filter>game\assistant\debug\assistant</Filter>
    </ClInclude>
    <ClInclude Include="..\shared\game_debug_view.h">
      <Filter>game\assistant\debug\assistant</Filter>
    </ClInclude>
    <ClInclude Include="..\shared\game_reference_ofstream.h">
      <Filter>game\assistant\debug\assistant</Filter>
    </ClInclude>
    <ClInclude Include="game\gc_actor.h">
      <Filter>game\actor</Filter>
    </ClInclude>
    <ClInclude Include="game\gc_actor_graph.h">
      <Filter>game\actor</Filter>
    </ClInclude>
    <ClInclude Include="game\gc_actor_script_interface.h">
      <Filter>game\actor</Filter>
    </ClInclude>
    <ClInclude Include="game\gc_base_actor.h">
      <Filter>game\actor</Filter>
    </ClInclude>
    <ClInclude Include="game\gc_player.h">
      <Filter>game\actor</Filter>
    </ClInclude>
    <ClInclude Include="game\gc_synchro_actor.h">
      <Filter>game\actor</Filter>
    </ClInclude>
    <ClInclude Include="game\trump_show.h">
      <Filter>game\actor</Filter>
    </ClInclude>
    <ClInclude Include="game\weapon_show.h">
      <Filter>game\actor</Filter>
    </ClInclude>
    <ClInclude Include="game\gc_complex_missile.h">
      <Filter>game\missile</Filter>
    </ClInclude>
    <ClInclude Include="game\gc_track_2_missile.h">
      <Filter>game\missile</Filter>
    </ClInclude>
    <ClInclude Include="game\gc_track_bomb_missile.h">
      <Filter>game\missile</Filter>
    </ClInclude>
    <ClInclude Include="game\gc_track_missile.h">
      <Filter>game\missile</Filter>
    </ClInclude>
    <ClInclude Include="game\gc_whirl_missile.h">
      <Filter>game\missile</Filter>
    </ClInclude>
    <ClInclude Include="game\gc_beeline_missile.h">
      <Filter>game\missile\base</Filter>
    </ClInclude>
    <ClInclude Include="game\gc_bomb_missile.h">
      <Filter>game\missile\base</Filter>
    </ClInclude>
    <ClInclude Include="game\gc_circle_missile.h">
      <Filter>game\missile\base</Filter>
    </ClInclude>
    <ClInclude Include="game\gc_missile.h">
      <Filter>game\missile\base</Filter>
    </ClInclude>
    <ClInclude Include="game\gc_missile_listener.h">
      <Filter>game\missile\base</Filter>
    </ClInclude>
    <ClInclude Include="game\gc_missile_manager.h">
      <Filter>game\missile\base</Filter>
    </ClInclude>
    <ClInclude Include="game\gc_player_items.h">
      <Filter>game\item</Filter>
    </ClInclude>
    <ClInclude Include="game\gc_synchro_item.h">
      <Filter>game\item</Filter>
    </ClInclude>
    <ClInclude Include="..\shared\item_bank.h">
      <Filter>game\item</Filter>
    </ClInclude>
    <ClInclude Include="..\shared\item_base.h">
      <Filter>game\item</Filter>
    </ClInclude>
    <ClInclude Include="..\shared\item_net_define.h">
      <Filter>game\item</Filter>
    </ClInclude>
    <ClInclude Include="..\shared\item_npc_shop.h">
      <Filter>game\item</Filter>
    </ClInclude>
    <ClInclude Include="..\shared\item_pshop.h">
      <Filter>game\item</Filter>
    </ClInclude>
    <ClInclude Include="..\shared\item_trade.h">
      <Filter>game\item</Filter>
    </ClInclude>
    <ClInclude Include="ui\ui_form_char.h">
      <Filter>game\ui</Filter>
    </ClInclude>
    <ClInclude Include="ui\ui_form_trump.h">
      <Filter>game\ui</Filter>
    </ClInclude>
    <ClInclude Include="ui\ui_layer_main.h">
      <Filter>game\ui</Filter>
    </ClInclude>
    <ClInclude Include="ui\uimain.h">
      <Filter>game\ui</Filter>
    </ClInclude>
    <ClInclude Include="ui\ui_form_compose.h">
      <Filter>game\ui\ui_business_items</Filter>
    </ClInclude>
    <ClInclude Include="ui\ui_form_decompound.h">
      <Filter>game\ui\ui_business_items</Filter>
    </ClInclude>
    <ClInclude Include="ui\ui_form_fuse.h">
      <Filter>game\ui\ui_business_items</Filter>
    </ClInclude>
    <ClInclude Include="ui\ui_form_item_update.h">
      <Filter>game\ui\ui_business_items</Filter>
    </ClInclude>
    <ClInclude Include="ui\ui_form_itemsinfo.h">
      <Filter>game\ui\ui_business_items</Filter>
    </ClInclude>
    <ClInclude Include="ui\ui_form_playeritems.h">
      <Filter>game\ui\ui_business_items</Filter>
    </ClInclude>
    <ClInclude Include="ui\UIForm_Pickup.h">
      <Filter>game\ui\ui_business_items</Filter>
    </ClInclude>
    <ClInclude Include="ui\ui_form_union.h">
      <Filter>game\ui\ui_union</Filter>
    </ClInclude>
    <ClInclude Include="ui\ui_form_union_create.h">
      <Filter>game\ui\ui_union</Filter>
    </ClInclude>
    <ClInclude Include="ui\ui_layer_login.h">
      <Filter>refactor\ui_login</Filter>
    </ClInclude>
    <ClInclude Include="ui\ui_layer_select_char.h">
      <Filter>refactor\ui_login</Filter>
    </ClInclude>
    <ClInclude Include="ui\ui_form_castlewar.h">
      <Filter>game\ui\ui_feod_castlewar</Filter>
    </ClInclude>
    <ClInclude Include="ui\ui_form_castlewar_settime.h">
      <Filter>game\ui\ui_feod_castlewar</Filter>
    </ClInclude>
    <ClInclude Include="ui\ui_form_feod_bank.h">
      <Filter>game\ui\ui_feod_castlewar</Filter>
    </ClInclude>
    <ClInclude Include="ui\ui_form_feod_content.h">
      <Filter>game\ui\ui_feod_castlewar</Filter>
    </ClInclude>
    <ClInclude Include="ui\ui_form_feod_tax.h">
      <Filter>game\ui\ui_feod_castlewar</Filter>
    </ClInclude>
    <ClInclude Include="ui\ui_form_timer.h">
      <Filter>game\ui\ui_feod_castlewar</Filter>
    </ClInclude>
    <ClInclude Include="ui\ui_form_skill.h">
      <Filter>game\ui\ui_skill</Filter>
    </ClInclude>
    <ClInclude Include="ui\ui_form_skill_study.h">
      <Filter>game\ui\ui_skill</Filter>
    </ClInclude>
    <ClInclude Include="ui\ui_form_analyse_image.h">
      <Filter>game\ui\ui_other</Filter>
    </ClInclude>
    <ClInclude Include="ui\ui_form_cre_info.h">
      <Filter>game\ui\ui_other</Filter>
    </ClInclude>
    <ClInclude Include="ui\ui_form_gm.h">
      <Filter>game\ui\ui_other</Filter>
    </ClInclude>
    <ClInclude Include="ui\ui_form_help.h">
      <Filter>game\ui\ui_other</Filter>
    </ClInclude>
    <ClInclude Include="ui\ui_form_herolist.h">
      <Filter>game\ui\ui_other</Filter>
    </ClInclude>
    <ClInclude Include="ui\ui_form_minimap.h">
      <Filter>game\ui\ui_other</Filter>
    </ClInclude>
    <ClInclude Include="ui\ui_form_msg.h">
      <Filter>game\ui\ui_other</Filter>
    </ClInclude>
    <ClInclude Include="ui\ui_form_peteat.h">
      <Filter>game\ui\ui_other</Filter>
    </ClInclude>
    <ClInclude Include="ui\ui_form_pkmode.h">
      <Filter>game\ui\ui_other</Filter>
    </ClInclude>
    <ClInclude Include="ui\ui_form_setting.h">
      <Filter>game\ui\ui_other</Filter>
    </ClInclude>
    <ClInclude Include="ui\ui_form_textMsg.h">
      <Filter>game\ui\ui_other</Filter>
    </ClInclude>
    <ClInclude Include="ui\ui_form_timebar.h">
      <Filter>game\ui\ui_other</Filter>
    </ClInclude>
    <ClInclude Include="ui\ui_layer.h">
      <Filter>game\ui\ui_other</Filter>
    </ClInclude>
    <ClInclude Include="..\shared\business.h">
      <Filter>game\ui\ui_card</Filter>
    </ClInclude>
    <ClInclude Include="ui\ui_form_buy_card.h">
      <Filter>game\ui\ui_card</Filter>
    </ClInclude>
    <ClInclude Include="ui\ui_form_card.h">
      <Filter>game\ui\ui_card</Filter>
    </ClInclude>
    <ClInclude Include="ui\ui_form_sell_card.h">
      <Filter>game\ui\ui_card</Filter>
    </ClInclude>
    <ClInclude Include="ui\ui_form_bank.h">
      <Filter>game\ui\ui_bank_shop_trade</Filter>
    </ClInclude>
    <ClInclude Include="ui\ui_form_bankpass.h">
      <Filter>game\ui\ui_bank_shop_trade</Filter>
    </ClInclude>
    <ClInclude Include="ui\ui_form_lookplayershop.h">
      <Filter>game\ui\ui_bank_shop_trade</Filter>
    </ClInclude>
    <ClInclude Include="ui\ui_form_playershop.h">
      <Filter>game\ui\ui_bank_shop_trade</Filter>
    </ClInclude>
    <ClInclude Include="ui\ui_form_shop.h">
      <Filter>game\ui\ui_bank_shop_trade</Filter>
    </ClInclude>
    <ClInclude Include="ui\ui_form_shopcenter.h">
      <Filter>game\ui\ui_bank_shop_trade</Filter>
    </ClInclude>
    <ClInclude Include="ui\ui_form_trade.h">
      <Filter>game\ui\ui_bank_shop_trade</Filter>
    </ClInclude>
    <ClInclude Include="ui\ui_form_dupe.h">
      <Filter>game\ui\ui_dungeon</Filter>
    </ClInclude>
    <ClInclude Include="ui\ui_form_select_reward.h">
      <Filter>game\ui\ui_dungeon</Filter>
    </ClInclude>
    <ClInclude Include="ui\ui_form_bid.h">
      <Filter>game\ui\ui_auction</Filter>
    </ClInclude>
    <ClInclude Include="ui\ui_form_sale.h">
      <Filter>game\ui\ui_auction</Filter>
    </ClInclude>
    <ClInclude Include="ui\ui_form_vendor.h">
      <Filter>game\ui\ui_auction</Filter>
    </ClInclude>
    <ClInclude Include="ui\ui_form_warfield.h">
      <Filter>game\ui\ui_warfield</Filter>
    </ClInclude>
    <ClInclude Include="ui\Timer_Hint.h">
      <Filter>game\ui\ui_lyyFix</Filter>
    </ClInclude>
    <ClInclude Include="ui\ui_form_maintask.h">
      <Filter>game\ui\ui_lyyFix</Filter>
    </ClInclude>
    <ClInclude Include="ui\ui_form_task.h">
      <Filter>game\ui\ui_lyyFix</Filter>
    </ClInclude>
    <ClInclude Include="ui\UI_form_Team.h">
      <Filter>game\ui\ui_lyyFix</Filter>
    </ClInclude>
    <ClInclude Include="ui\UIForm_Char.h">
      <Filter>game\ui\ui_lyyFix</Filter>
    </ClInclude>
    <ClInclude Include="ui\UIForm_Gem.h">
      <Filter>game\ui\ui_lyyFix</Filter>
    </ClInclude>
    <ClInclude Include="ui\UIForm_MiddleMap.h">
      <Filter>game\ui\ui_lyyFix</Filter>
    </ClInclude>
    <ClInclude Include="ui\UIForm_NewPeopleHelp.h">
      <Filter>game\ui\ui_lyyFix</Filter>
    </ClInclude>
    <ClInclude Include="ui\UIForm_Speaker.h">
      <Filter>game\ui\ui_lyyFix</Filter>
    </ClInclude>
    <ClInclude Include="ui\UIForm_System.h">
      <Filter>game\ui\ui_lyyFix</Filter>
    </ClInclude>
    <ClInclude Include="ui\ui_form_pet.h">
      <Filter>game\ui\ui_pet</Filter>
    </ClInclude>
    <ClInclude Include="ui\ui_form_pet_ability.h">
      <Filter>game\ui\ui_pet</Filter>
    </ClInclude>
    <ClInclude Include="ui\ui_form_pet_aptitude.h">
      <Filter>game\ui\ui_pet</Filter>
    </ClInclude>
    <ClInclude Include="ui\ui_form_pet_bank.h">
      <Filter>game\ui\ui_pet</Filter>
    </ClInclude>
    <ClInclude Include="ui\ui_form_pet_ctrl.h">
      <Filter>game\ui\ui_pet</Filter>
    </ClInclude>
    <ClInclude Include="ui\ui_form_pet_include.h">
      <Filter>game\ui\ui_pet</Filter>
    </ClInclude>
    <ClInclude Include="ui\ui_form_pet_merge.h">
      <Filter>game\ui\ui_pet</Filter>
    </ClInclude>
    <ClInclude Include="ui\ui_form_pet_mergebeads.h">
      <Filter>game\ui\ui_pet</Filter>
    </ClInclude>
    <ClInclude Include="ui\ui_form_pet_tobeads.h">
      <Filter>game\ui\ui_pet</Filter>
    </ClInclude>
    <ClInclude Include="game\gc_skill.h">
      <Filter>game\skill</Filter>
    </ClInclude>
    <ClInclude Include="..\shared\skill_base.h">
      <Filter>game\skill</Filter>
    </ClInclude>
    <ClInclude Include="..\shared\skill_dummy.h">
      <Filter>game\skill</Filter>
    </ClInclude>
    <ClInclude Include="..\shared\skill_manage.h">
      <Filter>game\skill</Filter>
    </ClInclude>
    <ClInclude Include="game\gc_chat.h">
      <Filter>game\chat</Filter>
    </ClInclude>
    <ClInclude Include="game\gc_chat_const.h">
      <Filter>game\chat</Filter>
    </ClInclude>
    <ClInclude Include="game\gc_chat_assistant.h">
      <Filter>game\chat\assistant</Filter>
    </ClInclude>
    <ClInclude Include="game\gc_doskey.h">
      <Filter>game\chat\assistant</Filter>
    </ClInclude>
    <ClInclude Include="game\gc_doskeywithui.h">
      <Filter>game\chat\assistant</Filter>
    </ClInclude>
    <ClInclude Include="game\gc_edit_chat.h">
      <Filter>game\chat\assistant</Filter>
    </ClInclude>
    <ClInclude Include="..\shared\game_team_share_const.h">
      <Filter>game\team</Filter>
    </ClInclude>
    <ClInclude Include="game\gc_team_const.h">
      <Filter>game\team</Filter>
    </ClInclude>
    <ClInclude Include="game\gc_team_with_ui.h">
      <Filter>game\team</Filter>
    </ClInclude>
    <ClInclude Include="game\gc_team.h">
      <Filter>game\team\assistant</Filter>
    </ClInclude>
    <ClInclude Include="..\shared\team_data.h">
      <Filter>game\team\assistant</Filter>
    </ClInclude>
    <ClInclude Include="..\shared\herolist_base.h">
      <Filter>game\union</Filter>
    </ClInclude>
    <ClInclude Include="..\shared\union_base.h">
      <Filter>game\union</Filter>
    </ClInclude>
    <ClInclude Include="..\shared\union_net_define.h">
      <Filter>game\union</Filter>
    </ClInclude>
    <ClInclude Include="game\gc_constant.h">
      <Filter>game\_util</Filter>
    </ClInclude>
    <ClInclude Include="game\gc_enums.h">
      <Filter>game\_util</Filter>
    </ClInclude>
    <ClInclude Include="game\gc_include.h">
      <Filter>game\_util</Filter>
    </ClInclude>
    <ClInclude Include="game\gc_types.h">
      <Filter>game\_util</Filter>
    </ClInclude>
    <ClInclude Include="..\shared\pk.h">
      <Filter>game\_util</Filter>
    </ClInclude>
    <ClInclude Include="..\shared\castlewar_base.h">
      <Filter>game\castlewar</Filter>
    </ClInclude>
    <ClInclude Include="..\shared\castlewar_net_define.h">
      <Filter>game\castlewar</Filter>
    </ClInclude>
    <ClInclude Include="game\gc_prentice.h">
      <Filter>game\prentice</Filter>
    </ClInclude>
    <ClInclude Include="..\shared\master_prentice_base.h">
      <Filter>game\prentice</Filter>
    </ClInclude>
    <ClInclude Include="..\shared\auction_base.h">
      <Filter>game\auction</Filter>
    </ClInclude>
    <ClInclude Include="..\shared\auction_net_base.h">
      <Filter>game\auction</Filter>
    </ClInclude>
    <ClInclude Include="..\shared\game_mail_shared_const.h">
      <Filter>game\mail</Filter>
    </ClInclude>
    <ClInclude Include="game\gc_friend_with_ui.h">
      <Filter>game\mail</Filter>
    </ClInclude>
    <ClInclude Include="game\gc_mail_const.h">
      <Filter>game\mail</Filter>
    </ClInclude>
    <ClInclude Include="game\gc_mail_with_ui.h">
      <Filter>game\mail</Filter>
    </ClInclude>
    <ClInclude Include="game\gc_friend.h">
      <Filter>game\mail\assistant</Filter>
    </ClInclude>
    <ClInclude Include="game\gc_mail.h">
      <Filter>game\mail\assistant</Filter>
    </ClInclude>
    <ClInclude Include="game\gc_master_list.h">
      <Filter>game\mail\master_list</Filter>
    </ClInclude>
    <ClInclude Include="..\shared\master_list_const.h">
      <Filter>game\mail\master_list</Filter>
    </ClInclude>
    <ClInclude Include="game\Encrypt.h">
      <Filter>game\encrypt</Filter>
    </ClInclude>
    <ClInclude Include="game\gc_pet.h">
      <Filter>game\pet</Filter>
    </ClInclude>
    <ClInclude Include="..\shared\pet_base.h">
      <Filter>game\pet</Filter>
    </ClInclude>
    <ClInclude Include="..\shared\rt1tort2.h">
      <Filter>frame</Filter>
    </ClInclude>
    <ClInclude Include="frame\gc_camera.h">
      <Filter>frame\win_main</Filter>
    </ClInclude>
    <ClInclude Include="frame\gc_frame.h">
      <Filter>frame\win_main</Filter>
    </ClInclude>
    <ClInclude Include="frame\gc_global.h">
      <Filter>frame\win_main</Filter>
    </ClInclude>
    <ClInclude Include="frame\gc_timer.h">
      <Filter>frame\win_main</Filter>
    </ClInclude>
    <ClInclude Include="..\shared\string_mapping.h">
      <Filter>frame\win_main</Filter>
    </ClInclude>
    <ClInclude Include="frame\gc_dnumber.h">
      <Filter>frame\graph</Filter>
    </ClInclude>
    <ClInclude Include="frame\gc_sequence_image.h">
      <Filter>frame\graph</Filter>
    </ClInclude>
    <ClInclude Include="game\gc_login_session.h">
      <Filter>frame\net</Filter>
    </ClInclude>
    <ClInclude Include="..\shared\gw_protocol.h">
      <Filter>frame\net</Filter>
    </ClInclude>
    <ClInclude Include="frame\net_command.h">
      <Filter>frame\net</Filter>
    </ClInclude>
    <ClInclude Include="frame\net_command_auction.h">
      <Filter>frame\net</Filter>
    </ClInclude>
    <ClInclude Include="frame\net_command_castlewar.h">
      <Filter>frame\net</Filter>
    </ClInclude>
    <ClInclude Include="frame\net_command_item.h">
      <Filter>frame\net</Filter>
    </ClInclude>
    <ClInclude Include="frame\net_command_pet.h">
      <Filter>frame\net</Filter>
    </ClInclude>
    <ClInclude Include="frame\net_command_union.h">
      <Filter>frame\net</Filter>
    </ClInclude>
    <ClInclude Include="frame\net_session.h">
      <Filter>frame\net</Filter>
    </ClInclude>
    <ClInclude Include="frame\net_synchro_position.h">
      <Filter>frame\net</Filter>
    </ClInclude>
    <ClInclude Include="..\shared\region_client.h">
      <Filter>frame\net</Filter>
    </ClInclude>
    <ClInclude Include="frame\gc_log_msg.h">
      <Filter>frame\log_msg</Filter>
    </ClInclude>
    <ClInclude Include="frame\gc_log_sender.h">
      <Filter>frame\log_msg</Filter>
    </ClInclude>
    <ClInclude Include="game\game_script_interface.h">
      <Filter>frame\script_interface</Filter>
    </ClInclude>
    <ClInclude Include="game\lua_class.h">
      <Filter>frame\script_interface\lua</Filter>
    </ClInclude>
    <ClInclude Include="game\lua_inc.h">
      <Filter>frame\script_interface\lua</Filter>
    </ClInclude>
    <ClInclude Include="game\lua_inf.h">
      <Filter>frame\script_interface\lua</Filter>
    </ClInclude>
    <ClInclude Include="game\lua_var.h">
      <Filter>frame\script_interface\lua</Filter>
    </ClInclude>
    <ClInclude Include="LuaSource\include\lauxlib.h">
      <Filter>frame\script_interface\LuaSource\include</Filter>
    </ClInclude>
    <ClInclude Include="LuaSource\include\lua.h">
      <Filter>frame\script_interface\LuaSource\include</Filter>
    </ClInclude>
    <ClInclude Include="LuaSource\include\lualib.h">
      <Filter>frame\script_interface\LuaSource\include</Filter>
    </ClInclude>
    <ClInclude Include="LuaSource\src\lapi.h">
      <Filter>frame\script_interface\LuaSource\src</Filter>
    </ClInclude>
    <ClInclude Include="LuaSource\src\lcode.h">
      <Filter>frame\script_interface\LuaSource\src</Filter>
    </ClInclude>
    <ClInclude Include="LuaSource\src\ldebug.h">
      <Filter>frame\script_interface\LuaSource\src</Filter>
    </ClInclude>
    <ClInclude Include="LuaSource\src\ldo.h">
      <Filter>frame\script_interface\LuaSource\src</Filter>
    </ClInclude>
    <ClInclude Include="LuaSource\src\lfunc.h">
      <Filter>frame\script_interface\LuaSource\src</Filter>
    </ClInclude>
    <ClInclude Include="LuaSource\src\lgc.h">
      <Filter>frame\script_interface\LuaSource\src</Filter>
    </ClInclude>
    <ClInclude Include="LuaSource\src\llex.h">
      <Filter>frame\script_interface\LuaSource\src</Filter>
    </ClInclude>
    <ClInclude Include="LuaSource\src\llimits.h">
      <Filter>frame\script_interface\LuaSource\src</Filter>
    </ClInclude>
    <ClInclude Include="LuaSource\src\lmem.h">
      <Filter>frame\script_interface\LuaSource\src</Filter>
    </ClInclude>
    <ClInclude Include="LuaSource\src\lobject.h">
      <Filter>frame\script_interface\LuaSource\src</Filter>
    </ClInclude>
    <ClInclude Include="LuaSource\src\lopcodes.h">
      <Filter>frame\script_interface\LuaSource\src</Filter>
    </ClInclude>
    <ClInclude Include="LuaSource\src\lparser.h">
      <Filter>frame\script_interface\LuaSource\src</Filter>
    </ClInclude>
    <ClInclude Include="LuaSource\src\lstate.h">
      <Filter>frame\script_interface\LuaSource\src</Filter>
    </ClInclude>
    <ClInclude Include="LuaSource\src\lstring.h">
      <Filter>frame\script_interface\LuaSource\src</Filter>
    </ClInclude>
    <ClInclude Include="LuaSource\src\ltable.h">
      <Filter>frame\script_interface\LuaSource\src</Filter>
    </ClInclude>
    <ClInclude Include="LuaSource\src\ltm.h">
      <Filter>frame\script_interface\LuaSource\src</Filter>
    </ClInclude>
    <ClInclude Include="LuaSource\src\lundump.h">
      <Filter>frame\script_interface\LuaSource\src</Filter>
    </ClInclude>
    <ClInclude Include="LuaSource\src\lvm.h">
      <Filter>frame\script_interface\LuaSource\src</Filter>
    </ClInclude>
    <ClInclude Include="LuaSource\src\lzio.h">
      <Filter>frame\script_interface\LuaSource\src</Filter>
    </ClInclude>
    <ClInclude Include="frame\gc_cursor.h">
      <Filter>frame\resource</Filter>
    </ClInclude>
    <ClInclude Include="frame\resource.h">
      <Filter>frame\resource</Filter>
    </ClInclude>
    <ClInclude Include="game\NesClient.h">
      <Filter>frame\nes</Filter>
    </ClInclude>
    <ClInclude Include="gc_fps.h">
      <Filter>refactor\fps</Filter>
    </ClInclude>
    <ClInclude Include="preLog.h">
      <Filter>refactor\preUtils</Filter>
    </ClInclude>
    <ClInclude Include="stdafx.h">
      <Filter>other</Filter>
    </ClInclude>
  </ItemGroup>
  <ItemGroup>
    <None Include="..\engine\head\core\rtc2_thread.inl">
      <Filter>engine_sdk\core\core_include</Filter>
    </None>
    <None Include="frame\attack.cur">
      <Filter>frame\resource\cur</Filter>
    </None>
    <None Include="frame\cannotmove.cur">
      <Filter>frame\resource\cur</Filter>
    </None>
    <None Include="frame\deitem.cur">
      <Filter>frame\resource\cur</Filter>
    </None>
    <None Include="frame\dig.cur">
      <Filter>frame\resource\cur</Filter>
    </None>
    <None Include="frame\goodskill.cur">
      <Filter>frame\resource\cur</Filter>
    </None>
    <None Include="frame\item_use.cur">
      <Filter>frame\resource\cur</Filter>
    </None>
    <None Include="frame\normal.cur">
      <Filter>frame\resource\cur</Filter>
    </None>
    <None Include="frame\pick_herb.cur">
      <Filter>frame\resource\cur</Filter>
    </None>
    <None Include="frame\pick_item.cur">
      <Filter>frame\resource\cur</Filter>
    </None>
    <None Include="frame\talk.cur">
      <Filter>frame\resource\cur</Filter>
    </None>
    <None Include="cpp.hint">
      <Filter>other</Filter>
    </None>
  </ItemGroup>
  <ItemGroup>
    <ClCompile Include="..\engine\head\scene\rts_path_point.cpp">
      <Filter>engine_sdk\scene\scene_include</Filter>
    </ClCompile>
    <ClCompile Include="game\gc_bulletin.cpp">
      <Filter>game\world</Filter>
    </ClCompile>
    <ClCompile Include="game\gc_login.cpp">
      <Filter>game\world</Filter>
    </ClCompile>
    <ClCompile Include="game\gc_world.cpp">
      <Filter>game\world</Filter>
    </ClCompile>
    <ClCompile Include="game\game_clipboard.cpp">
      <Filter>game\assistant</Filter>
    </ClCompile>
    <ClCompile Include="game\game_states_machine.cpp">
      <Filter>game\assistant</Filter>
    </ClCompile>
    <ClCompile Include="..\shared\game_string_assistant.cpp">
      <Filter>game\assistant</Filter>
    </ClCompile>
    <ClCompile Include="game\gc_bat.cpp">
      <Filter>game\assistant</Filter>
    </ClCompile>
    <ClCompile Include="game\ui_project.cpp">
      <Filter>game\assistant</Filter>
    </ClCompile>
    <ClCompile Include="game\ui_project_shell.cpp">
      <Filter>game\assistant</Filter>
    </ClCompile>
    <ClCompile Include="..\shared\profile.cpp">
      <Filter>game\assistant\profile</Filter>
    </ClCompile>
    <ClCompile Include="..\shared\profile_result.cpp">
      <Filter>game\assistant\profile</Filter>
    </ClCompile>
    <ClCompile Include="..\shared\game_debug.cpp">
      <Filter>game\assistant\debug\assistant</Filter>
    </ClCompile>
    <ClCompile Include="..\shared\game_debug_output.cpp">
      <Filter>game\assistant\debug\assistant</Filter>
    </ClCompile>
    <ClCompile Include="..\shared\game_debug_view.cpp">
      <Filter>game\assistant\debug\assistant</Filter>
    </ClCompile>
    <ClCompile Include="game\gc_actor.cpp">
      <Filter>game\actor</Filter>
    </ClCompile>
    <ClCompile Include="game\gc_actor_graph.cpp">
      <Filter>game\actor</Filter>
    </ClCompile>
    <ClCompile Include="game\gc_actor_script_interface.cpp">
      <Filter>game\actor</Filter>
    </ClCompile>
    <ClCompile Include="game\gc_base_actor.cpp">
      <Filter>game\actor</Filter>
    </ClCompile>
    <ClCompile Include="game\gc_player.cpp">
      <Filter>game\actor</Filter>
    </ClCompile>
    <ClCompile Include="game\gc_synchro_actor.cpp">
      <Filter>game\actor</Filter>
    </ClCompile>
    <ClCompile Include="game\trump_show.cpp">
      <Filter>game\actor</Filter>
    </ClCompile>
    <ClCompile Include="game\weapon_show.cpp">
      <Filter>game\actor</Filter>
    </ClCompile>
    <ClCompile Include="game\gc_complex_missile.cpp">
      <Filter>game\missile</Filter>
    </ClCompile>
    <ClCompile Include="game\gc_track_2_missile.cpp">
      <Filter>game\missile</Filter>
    </ClCompile>
    <ClCompile Include="game\gc_track_bomb_missile.cpp">
      <Filter>game\missile</Filter>
    </ClCompile>
    <ClCompile Include="game\gc_track_missile.cpp">
      <Filter>game\missile</Filter>
    </ClCompile>
    <ClCompile Include="game\gc_whirl_missile.cpp">
      <Filter>game\missile</Filter>
    </ClCompile>
    <ClCompile Include="game\gc_beeline_missile.cpp">
      <Filter>game\missile\base</Filter>
    </ClCompile>
    <ClCompile Include="game\gc_bomb_missile.cpp">
      <Filter>game\missile\base</Filter>
    </ClCompile>
    <ClCompile Include="game\gc_circle_missile.cpp">
      <Filter>game\missile\base</Filter>
    </ClCompile>
    <ClCompile Include="game\gc_missile.cpp">
      <Filter>game\missile\base</Filter>
    </ClCompile>
    <ClCompile Include="game\gc_missile_listener.cpp">
      <Filter>game\missile\base</Filter>
    </ClCompile>
    <ClCompile Include="game\gc_missile_manager.cpp">
      <Filter>game\missile\base</Filter>
    </ClCompile>
    <ClCompile Include="game\gc_player_items.cpp">
      <Filter>game\item</Filter>
    </ClCompile>
    <ClCompile Include="game\gc_synchro_item.cpp">
      <Filter>game\item</Filter>
    </ClCompile>
    <ClCompile Include="..\shared\item_bank.cpp">
      <Filter>game\item</Filter>
    </ClCompile>
    <ClCompile Include="..\shared\item_base.cpp">
      <Filter>game\item</Filter>
    </ClCompile>
    <ClCompile Include="..\shared\item_npc_shop.cpp">
      <Filter>game\item</Filter>
    </ClCompile>
    <ClCompile Include="..\shared\item_pshop.cpp">
      <Filter>game\item</Filter>
    </ClCompile>
    <ClCompile Include="..\shared\item_trade.cpp">
      <Filter>game\item</Filter>
    </ClCompile>
    <ClCompile Include="ui\ui_form_char.cpp">
      <Filter>game\ui</Filter>
    </ClCompile>
    <ClCompile Include="ui\ui_form_trump.cpp">
      <Filter>game\ui</Filter>
    </ClCompile>
    <ClCompile Include="ui\ui_layer_main.cpp">
      <Filter>game\ui</Filter>
    </ClCompile>
    <ClCompile Include="ui\uimain.cpp">
      <Filter>game\ui</Filter>
    </ClCompile>
    <ClCompile Include="ui\ui_form_compose.cpp">
      <Filter>game\ui\ui_business_items</Filter>
    </ClCompile>
    <ClCompile Include="ui\ui_form_decompound.cpp">
      <Filter>game\ui\ui_business_items</Filter>
    </ClCompile>
    <ClCompile Include="ui\ui_form_fuse.cpp">
      <Filter>game\ui\ui_business_items</Filter>
    </ClCompile>
    <ClCompile Include="ui\ui_form_item_update.cpp">
      <Filter>game\ui\ui_business_items</Filter>
    </ClCompile>
    <ClCompile Include="ui\ui_form_itemsinfo.cpp">
      <Filter>game\ui\ui_business_items</Filter>
    </ClCompile>
    <ClCompile Include="ui\ui_form_playeritems.cpp">
      <Filter>game\ui\ui_business_items</Filter>
    </ClCompile>
    <ClCompile Include="ui\UIForm_Pickup.cpp">
      <Filter>game\ui\ui_business_items</Filter>
    </ClCompile>
    <ClCompile Include="ui\ui_form_union.cpp">
      <Filter>game\ui\ui_union</Filter>
    </ClCompile>
    <ClCompile Include="ui\ui_form_union_create.cpp">
      <Filter>game\ui\ui_union</Filter>
    </ClCompile>
    <ClCompile Include="ui\ui_layer_login.cpp">
      <Filter>refactor\ui_login</Filter>
    </ClCompile>
    <ClCompile Include="ui\ui_layer_select_char.cpp">
      <Filter>refactor\ui_login</Filter>
    </ClCompile>
    <ClCompile Include="ui\ui_form_castlewar.cpp">
      <Filter>game\ui\ui_feod_castlewar</Filter>
    </ClCompile>
    <ClCompile Include="ui\ui_form_castlewar_settime.cpp">
      <Filter>game\ui\ui_feod_castlewar</Filter>
    </ClCompile>
    <ClCompile Include="ui\ui_form_feod_bank.cpp">
      <Filter>game\ui\ui_feod_castlewar</Filter>
    </ClCompile>
    <ClCompile Include="ui\ui_form_feod_content.cpp">
      <Filter>game\ui\ui_feod_castlewar</Filter>
    </ClCompile>
    <ClCompile Include="ui\ui_form_feod_tax.cpp">
      <Filter>game\ui\ui_feod_castlewar</Filter>
    </ClCompile>
    <ClCompile Include="ui\ui_form_timer.cpp">
      <Filter>game\ui\ui_feod_castlewar</Filter>
    </ClCompile>
    <ClCompile Include="ui\ui_form_skill.cpp">
      <Filter>game\ui\ui_skill</Filter>
    </ClCompile>
    <ClCompile Include="ui\ui_form_skill_study.cpp">
      <Filter>game\ui\ui_skill</Filter>
    </ClCompile>
    <ClCompile Include="ui\ui_form_analyse_image.cpp">
      <Filter>game\ui\ui_other</Filter>
    </ClCompile>
    <ClCompile Include="ui\ui_form_cre_info.cpp">
      <Filter>game\ui\ui_other</Filter>
    </ClCompile>
    <ClCompile Include="ui\ui_form_gm.cpp">
      <Filter>game\ui\ui_other</Filter>
    </ClCompile>
    <ClCompile Include="ui\ui_form_help.cpp">
      <Filter>game\ui\ui_other</Filter>
    </ClCompile>
    <ClCompile Include="ui\ui_form_herolist.cpp">
      <Filter>game\ui\ui_other</Filter>
    </ClCompile>
    <ClCompile Include="ui\ui_form_minimap.cpp">
      <Filter>game\ui\ui_other</Filter>
    </ClCompile>
    <ClCompile Include="ui\ui_form_msg.cpp">
      <Filter>game\ui\ui_other</Filter>
    </ClCompile>
    <ClCompile Include="ui\ui_form_peteat.cpp">
      <Filter>game\ui\ui_other</Filter>
    </ClCompile>
    <ClCompile Include="ui\ui_form_pkmode.cpp">
      <Filter>game\ui\ui_other</Filter>
    </ClCompile>
    <ClCompile Include="ui\ui_form_setting.cpp">
      <Filter>game\ui\ui_other</Filter>
    </ClCompile>
    <ClCompile Include="ui\ui_form_textMsg.cpp">
      <Filter>game\ui\ui_other</Filter>
    </ClCompile>
    <ClCompile Include="ui\ui_form_timebar.cpp">
      <Filter>game\ui\ui_other</Filter>
    </ClCompile>
    <ClCompile Include="ui\ui_layer.cpp">
      <Filter>game\ui\ui_other</Filter>
    </ClCompile>
    <ClCompile Include="..\shared\business.cpp">
      <Filter>game\ui\ui_card</Filter>
    </ClCompile>
    <ClCompile Include="ui\ui_form_buy_card.cpp">
      <Filter>game\ui\ui_card</Filter>
    </ClCompile>
    <ClCompile Include="ui\ui_form_card.cpp">
      <Filter>game\ui\ui_card</Filter>
    </ClCompile>
    <ClCompile Include="ui\ui_form_sell_card.cpp">
      <Filter>game\ui\ui_card</Filter>
    </ClCompile>
    <ClCompile Include="ui\ui_form_bank.cpp">
      <Filter>game\ui\ui_bank_shop_trade</Filter>
    </ClCompile>
    <ClCompile Include="ui\ui_form_bankpass.cpp">
      <Filter>game\ui\ui_bank_shop_trade</Filter>
    </ClCompile>
    <ClCompile Include="ui\ui_form_lookplayershop.cpp">
      <Filter>game\ui\ui_bank_shop_trade</Filter>
    </ClCompile>
    <ClCompile Include="ui\ui_form_playershop.cpp">
      <Filter>game\ui\ui_bank_shop_trade</Filter>
    </ClCompile>
    <ClCompile Include="ui\ui_form_shop.cpp">
      <Filter>game\ui\ui_bank_shop_trade</Filter>
    </ClCompile>
    <ClCompile Include="ui\ui_form_shopcenter.cpp">
      <Filter>game\ui\ui_bank_shop_trade</Filter>
    </ClCompile>
    <ClCompile Include="ui\ui_form_trade.cpp">
      <Filter>game\ui\ui_bank_shop_trade</Filter>
    </ClCompile>
    <ClCompile Include="ui\ui_form_dupe.cpp">
      <Filter>game\ui\ui_dungeon</Filter>
    </ClCompile>
    <ClCompile Include="ui\ui_form_select_reward.cpp">
      <Filter>game\ui\ui_dungeon</Filter>
    </ClCompile>
    <ClCompile Include="ui\ui_form_bid.cpp">
      <Filter>game\ui\ui_auction</Filter>
    </ClCompile>
    <ClCompile Include="ui\ui_form_sale.cpp">
      <Filter>game\ui\ui_auction</Filter>
    </ClCompile>
    <ClCompile Include="ui\ui_form_vendor.cpp">
      <Filter>game\ui\ui_auction</Filter>
    </ClCompile>
    <ClCompile Include="ui\ui_form_warfield.cpp">
      <Filter>game\ui\ui_warfield</Filter>
    </ClCompile>
    <ClCompile Include="ui\Timer_Hint.cpp">
      <Filter>game\ui\ui_lyyFix</Filter>
    </ClCompile>
    <ClCompile Include="ui\ui_form_maintask.cpp">
      <Filter>game\ui\ui_lyyFix</Filter>
    </ClCompile>
    <ClCompile Include="ui\ui_form_task.cpp">
      <Filter>game\ui\ui_lyyFix</Filter>
    </ClCompile>
    <ClCompile Include="ui\UI_form_Team.cpp">
      <Filter>game\ui\ui_lyyFix</Filter>
    </ClCompile>
    <ClCompile Include="ui\UIForm_Char.cpp">
      <Filter>game\ui\ui_lyyFix</Filter>
    </ClCompile>
    <ClCompile Include="ui\UIForm_Gem.cpp">
      <Filter>game\ui\ui_lyyFix</Filter>
    </ClCompile>
    <ClCompile Include="ui\UIForm_MiddleMap.cpp">
      <Filter>game\ui\ui_lyyFix</Filter>
    </ClCompile>
    <ClCompile Include="ui\UIForm_NewPeopleHelp.cpp">
      <Filter>game\ui\ui_lyyFix</Filter>
    </ClCompile>
    <ClCompile Include="ui\UIForm_Speaker.cpp">
      <Filter>game\ui\ui_lyyFix</Filter>
    </ClCompile>
    <ClCompile Include="ui\UIForm_System.cpp">
      <Filter>game\ui\ui_lyyFix</Filter>
    </ClCompile>
    <ClCompile Include="ui\ui_form_pet.cpp">
      <Filter>game\ui\ui_pet</Filter>
    </ClCompile>
    <ClCompile Include="ui\ui_form_pet_ability.cpp">
      <Filter>game\ui\ui_pet</Filter>
    </ClCompile>
    <ClCompile Include="ui\ui_form_pet_aptitude.cpp">
      <Filter>game\ui\ui_pet</Filter>
    </ClCompile>
    <ClCompile Include="ui\ui_form_pet_bank.cpp">
      <Filter>game\ui\ui_pet</Filter>
    </ClCompile>
    <ClCompile Include="ui\ui_form_pet_ctrl.cpp">
      <Filter>game\ui\ui_pet</Filter>
    </ClCompile>
    <ClCompile Include="ui\ui_form_pet_merge.cpp">
      <Filter>game\ui\ui_pet</Filter>
    </ClCompile>
    <ClCompile Include="ui\ui_form_pet_mergebeads.cpp">
      <Filter>game\ui\ui_pet</Filter>
    </ClCompile>
    <ClCompile Include="ui\ui_form_pet_tobeads.cpp">
      <Filter>game\ui\ui_pet</Filter>
    </ClCompile>
    <ClCompile Include="game\gc_skill.cpp">
      <Filter>game\skill</Filter>
    </ClCompile>
    <ClCompile Include="..\shared\skill_base.cpp">
      <Filter>game\skill</Filter>
    </ClCompile>
    <ClCompile Include="..\shared\skill_manage.cpp">
      <Filter>game\skill</Filter>
    </ClCompile>
    <ClCompile Include="game\gc_chat.cpp">
      <Filter>game\chat</Filter>
    </ClCompile>
    <ClCompile Include="game\gc_chat_assistant.cpp">
      <Filter>game\chat\assistant</Filter>
    </ClCompile>
    <ClCompile Include="game\gc_doskey.cpp">
      <Filter>game\chat\assistant</Filter>
    </ClCompile>
    <ClCompile Include="game\gc_doskeywithui.cpp">
      <Filter>game\chat\assistant</Filter>
    </ClCompile>
    <ClCompile Include="game\gc_edit_chat.cpp">
      <Filter>game\chat\assistant</Filter>
    </ClCompile>
    <ClCompile Include="game\gc_team_with_ui.cpp">
      <Filter>game\team</Filter>
    </ClCompile>
    <ClCompile Include="game\gc_team.cpp">
      <Filter>game\team\assistant</Filter>
    </ClCompile>
    <ClCompile Include="..\shared\team_data.cpp">
      <Filter>game\team\assistant</Filter>
    </ClCompile>
    <ClCompile Include="..\shared\herolist_base.cpp">
      <Filter>game\union</Filter>
    </ClCompile>
    <ClCompile Include="..\shared\union_base.cpp">
      <Filter>game\union</Filter>
    </ClCompile>
    <ClCompile Include="game\gc_constant.cpp">
      <Filter>game\_util</Filter>
    </ClCompile>
    <ClCompile Include="..\shared\pk.cpp">
      <Filter>game\_util</Filter>
    </ClCompile>
    <ClCompile Include="..\shared\castlewar_base.cpp">
      <Filter>game\castlewar</Filter>
    </ClCompile>
    <ClCompile Include="game\gc_prentice.cpp">
      <Filter>game\prentice</Filter>
    </ClCompile>
    <ClCompile Include="..\shared\auction_base.cpp">
      <Filter>game\auction</Filter>
    </ClCompile>
    <ClCompile Include="game\gc_friend_with_ui.cpp">
      <Filter>game\mail</Filter>
    </ClCompile>
    <ClCompile Include="game\gc_mail_with_ui.cpp">
      <Filter>game\mail</Filter>
    </ClCompile>
    <ClCompile Include="game\gc_friend.cpp">
      <Filter>game\mail\assistant</Filter>
    </ClCompile>
    <ClCompile Include="game\gc_mail.cpp">
      <Filter>game\mail\assistant</Filter>
    </ClCompile>
    <ClCompile Include="game\gc_master_list.cpp">
      <Filter>game\mail\master_list</Filter>
    </ClCompile>
    <ClCompile Include="game\gc_pet.cpp">
      <Filter>game\pet</Filter>
    </ClCompile>
    <ClCompile Include="..\shared\pet_base.cpp">
      <Filter>game\pet</Filter>
    </ClCompile>
    <ClCompile Include="..\shared\rt1tort2.cpp">
      <Filter>frame</Filter>
    </ClCompile>
    <ClCompile Include="frame\gc_camera.cpp">
      <Filter>frame\win_main</Filter>
    </ClCompile>
    <ClCompile Include="frame\gc_frame.cpp">
      <Filter>frame\win_main</Filter>
    </ClCompile>
    <ClCompile Include="frame\gc_global.cpp">
      <Filter>frame\win_main</Filter>
    </ClCompile>
    <ClCompile Include="frame\gc_importlib.cpp">
      <Filter>frame\win_main</Filter>
    </ClCompile>
    <ClCompile Include="frame\gc_main.cpp">
      <Filter>frame\win_main</Filter>
    </ClCompile>
    <ClCompile Include="frame\gc_timer.cpp">
      <Filter>frame\win_main</Filter>
    </ClCompile>
    <ClCompile Include="..\shared\string_mapping.cpp">
      <Filter>frame\win_main</Filter>
    </ClCompile>
    <ClCompile Include="frame\gc_dnumber.cpp">
      <Filter>frame\graph</Filter>
    </ClCompile>
    <ClCompile Include="frame\gc_sequence_image.cpp">
      <Filter>frame\graph</Filter>
    </ClCompile>
    <ClCompile Include="game\gc_login_cmd.cpp">
      <Filter>frame\net</Filter>
    </ClCompile>
    <ClCompile Include="game\gc_login_session.cpp">
      <Filter>frame\net</Filter>
    </ClCompile>
    <ClCompile Include="frame\net_command.cpp">
      <Filter>frame\net</Filter>
    </ClCompile>
    <ClCompile Include="frame\net_command_auction.cpp">
      <Filter>frame\net</Filter>
    </ClCompile>
    <ClCompile Include="frame\net_command_castlewar.cpp">
      <Filter>frame\net</Filter>
    </ClCompile>
    <ClCompile Include="frame\net_command_item.cpp">
      <Filter>frame\net</Filter>
    </ClCompile>
    <ClCompile Include="frame\net_command_pet.cpp">
      <Filter>frame\net</Filter>
    </ClCompile>
    <ClCompile Include="frame\net_command_union.cpp">
      <Filter>frame\net</Filter>
    </ClCompile>
    <ClCompile Include="frame\net_session.cpp">
      <Filter>frame\net</Filter>
    </ClCompile>
    <ClCompile Include="frame\net_synchro_position.cpp">
      <Filter>frame\net</Filter>
    </ClCompile>
    <ClCompile Include="..\shared\region_client.cpp">
      <Filter>frame\net</Filter>
    </ClCompile>
    <ClCompile Include="frame\gc_log_msg.cpp">
      <Filter>frame\log_msg</Filter>
    </ClCompile>
    <ClCompile Include="frame\gc_log_sender.cpp">
      <Filter>frame\log_msg</Filter>
    </ClCompile>
    <ClCompile Include="game\game_script_interface.cpp">
      <Filter>frame\script_interface</Filter>
    </ClCompile>
    <ClCompile Include="game\lua_inf.cpp">
      <Filter>frame\script_interface\lua</Filter>
    </ClCompile>
    <ClCompile Include="game\lua_var.cpp">
      <Filter>frame\script_interface\lua</Filter>
    </ClCompile>
    <ClCompile Include="LuaSource\src\lapi.c">
      <Filter>frame\script_interface\LuaSource\src</Filter>
    </ClCompile>
    <ClCompile Include="LuaSource\src\lcode.c">
      <Filter>frame\script_interface\LuaSource\src</Filter>
    </ClCompile>
    <ClCompile Include="LuaSource\src\ldebug.c">
      <Filter>frame\script_interface\LuaSource\src</Filter>
    </ClCompile>
    <ClCompile Include="LuaSource\src\ldo.c">
      <Filter>frame\script_interface\LuaSource\src</Filter>
    </ClCompile>
    <ClCompile Include="LuaSource\src\ldump.c">
      <Filter>frame\script_interface\LuaSource\src</Filter>
    </ClCompile>
    <ClCompile Include="LuaSource\src\lfunc.c">
      <Filter>frame\script_interface\LuaSource\src</Filter>
    </ClCompile>
    <ClCompile Include="LuaSource\src\lgc.c">
      <Filter>frame\script_interface\LuaSource\src</Filter>
    </ClCompile>
    <ClCompile Include="LuaSource\src\llex.c">
      <Filter>frame\script_interface\LuaSource\src</Filter>
    </ClCompile>
    <ClCompile Include="LuaSource\src\lmem.c">
      <Filter>frame\script_interface\LuaSource\src</Filter>
    </ClCompile>
    <ClCompile Include="LuaSource\src\lobject.c">
      <Filter>frame\script_interface\LuaSource\src</Filter>
    </ClCompile>
    <ClCompile Include="LuaSource\src\lopcodes.c">
      <Filter>frame\script_interface\LuaSource\src</Filter>
    </ClCompile>
    <ClCompile Include="LuaSource\src\lparser.c">
      <Filter>frame\script_interface\LuaSource\src</Filter>
    </ClCompile>
    <ClCompile Include="LuaSource\src\lstate.c">
      <Filter>frame\script_interface\LuaSource\src</Filter>
    </ClCompile>
    <ClCompile Include="LuaSource\src\lstring.c">
      <Filter>frame\script_interface\LuaSource\src</Filter>
    </ClCompile>
    <ClCompile Include="LuaSource\src\ltable.c">
      <Filter>frame\script_interface\LuaSource\src</Filter>
    </ClCompile>
    <ClCompile Include="LuaSource\src\ltests.c">
      <Filter>frame\script_interface\LuaSource\src</Filter>
    </ClCompile>
    <ClCompile Include="LuaSource\src\ltm.c">
      <Filter>frame\script_interface\LuaSource\src</Filter>
    </ClCompile>
    <ClCompile Include="LuaSource\src\lundump.c">
      <Filter>frame\script_interface\LuaSource\src</Filter>
    </ClCompile>
    <ClCompile Include="LuaSource\src\lvm.c">
      <Filter>frame\script_interface\LuaSource\src</Filter>
    </ClCompile>
    <ClCompile Include="LuaSource\src\lzio.c">
      <Filter>frame\script_interface\LuaSource\src</Filter>
    </ClCompile>
    <ClCompile Include="LuaSource\src\lib\lauxlib.c">
      <Filter>frame\script_interface\LuaSource\src\lib</Filter>
    </ClCompile>
    <ClCompile Include="LuaSource\src\lib\lbaselib.c">
      <Filter>frame\script_interface\LuaSource\src\lib</Filter>
    </ClCompile>
    <ClCompile Include="LuaSource\src\lib\ldblib.c">
      <Filter>frame\script_interface\LuaSource\src\lib</Filter>
    </ClCompile>
    <ClCompile Include="LuaSource\src\lib\liolib.c">
      <Filter>frame\script_interface\LuaSource\src\lib</Filter>
    </ClCompile>
    <ClCompile Include="LuaSource\src\lib\lmathlib.c">
      <Filter>frame\script_interface\LuaSource\src\lib</Filter>
    </ClCompile>
    <ClCompile Include="LuaSource\src\lib\loadlib.c">
      <Filter>frame\script_interface\LuaSource\src\lib</Filter>
    </ClCompile>
    <ClCompile Include="LuaSource\src\lib\lstrlib.c">
      <Filter>frame\script_interface\LuaSource\src\lib</Filter>
    </ClCompile>
    <ClCompile Include="LuaSource\src\lib\ltablib.c">
      <Filter>frame\script_interface\LuaSource\src\lib</Filter>
    </ClCompile>
    <ClCompile Include="LuaSource\src\luac\luac.c">
      <Filter>frame\script_interface\LuaSource\src\luac</Filter>
    </ClCompile>
    <ClCompile Include="LuaSource\src\luac\print.c">
      <Filter>frame\script_interface\LuaSource\src\luac</Filter>
    </ClCompile>
    <ClCompile Include="frame\gc_cursor.cpp">
      <Filter>frame\resource</Filter>
    </ClCompile>
    <ClCompile Include="gc_fps.cpp">
      <Filter>refactor\fps</Filter>
    </ClCompile>
    <ClCompile Include="ui\ui_layer_server.cpp">
      <Filter>refactor\ui_login</Filter>
    </ClCompile>
    <ClCompile Include="iob_func.cpp">
      <Filter>other</Filter>
    </ClCompile>
    <ClCompile Include="stdafx.cpp">
      <Filter>other</Filter>
    </ClCompile>
  </ItemGroup>
  <ItemGroup>
    <ResourceCompile Include="frame\game_client.rc">
      <Filter>frame\resource</Filter>
    </ResourceCompile>
  </ItemGroup>
  <ItemGroup>
    <Image Include="frame\icon_main.ico">
      <Filter>frame\resource</Filter>
    </Image>
  </ItemGroup>
</Project>