<?xml version="1.0" encoding="utf-8"?>
<Project ToolsVersion="4.0" xmlns="http://schemas.microsoft.com/developer/msbuild/2003">
  <ItemGroup>
    <Filter Include="Source Files">
      <UniqueIdentifier>{4FC737F1-C7A5-4376-A066-2A32D752A2FF}</UniqueIdentifier>
      <Extensions>cpp;c;cxx;def;odl;idl;hpj;bat;asm;asmx</Extensions>
    </Filter>
    <Filter Include="Header Files">
      <UniqueIdentifier>{93995380-89BD-4b04-88EB-625FBE52EBFB}</UniqueIdentifier>
      <Extensions>h;hpp;hxx;hm;inl;inc;xsd</Extensions>
    </Filter>
    <Filter Include="Resource Files">
      <UniqueIdentifier>{67DA6AB6-F800-4c08-8B7A-83BB121AAD01}</UniqueIdentifier>
      <Extensions>rc;ico;cur;bmp;dlg;rc2;rct;bin;rgs;gif;jpg;jpeg;jpe;resx</Extensions>
    </Filter>
    <Filter Include="sdk">
      <UniqueIdentifier>{4f26109f-c9b0-4b95-ad87-b618c7da5d87}</UniqueIdentifier>
    </Filter>
    <Filter Include="sdk\file_pack">
      <UniqueIdentifier>{eabee0a1-1f1e-41cd-87d1-f05fd74d84b9}</UniqueIdentifier>
    </Filter>
    <Filter Include="sdk\file_pack\head">
      <UniqueIdentifier>{88fc321c-62fc-4e1f-891a-74ea9f9aa5a1}</UniqueIdentifier>
    </Filter>
    <Filter Include="sdk\file_pack\src">
      <UniqueIdentifier>{12981507-65e2-4602-a18c-675958d9840b}</UniqueIdentifier>
    </Filter>
    <Filter Include="tool">
      <UniqueIdentifier>{1712c4c5-3f30-41af-8bb3-46174fa9eb9b}</UniqueIdentifier>
    </Filter>
    <Filter Include="shared">
      <UniqueIdentifier>{45e82254-177f-48c1-97d4-693b38b3369d}</UniqueIdentifier>
    </Filter>
  </ItemGroup>
  <ItemGroup>
    <ClCompile Include="MainFrm.cpp">
      <Filter>Source Files</Filter>
    </ClCompile>
    <ClCompile Include="stdafx.cpp">
      <Filter>Source Files</Filter>
    </ClCompile>
    <ClCompile Include="tool_files_packet.cpp">
      <Filter>Source Files</Filter>
    </ClCompile>
    <ClCompile Include="tool_files_packetDoc.cpp">
      <Filter>Source Files</Filter>
    </ClCompile>
    <ClCompile Include="tool_files_packetView.cpp">
      <Filter>Source Files</Filter>
    </ClCompile>
    <ClCompile Include="WaitDlg.cpp">
      <Filter>Source Files</Filter>
    </ClCompile>
    <ClCompile Include="WaitThread.cpp">
      <Filter>Source Files</Filter>
    </ClCompile>
    <ClCompile Include="pack_tool.cpp">
      <Filter>tool</Filter>
    </ClCompile>
    <ClCompile Include="shared\game_string_assistant.cpp">
      <Filter>shared</Filter>
    </ClCompile>
  </ItemGroup>
  <ItemGroup>
    <ClInclude Include="WaitDlg.h">
      <Filter>Source Files</Filter>
    </ClInclude>
    <ClInclude Include="WaitThread.h">
      <Filter>Source Files</Filter>
    </ClInclude>
    <ClInclude Include="MainFrm.h">
      <Filter>Header Files</Filter>
    </ClInclude>
    <ClInclude Include="Resource.h">
      <Filter>Header Files</Filter>
    </ClInclude>
    <ClInclude Include="stdafx.h">
      <Filter>Header Files</Filter>
    </ClInclude>
    <ClInclude Include="tool_files_packet.h">
      <Filter>Header Files</Filter>
    </ClInclude>
    <ClInclude Include="tool_files_packetDoc.h">
      <Filter>Header Files</Filter>
    </ClInclude>
    <ClInclude Include="tool_files_packetView.h">
      <Filter>Header Files</Filter>
    </ClInclude>
    <ClInclude Include="..\engine\head\filepack\ansi_file.h">
      <Filter>sdk\file_pack\head</Filter>
    </ClInclude>
    <ClInclude Include="..\engine\head\filepack\compress_mode.h">
      <Filter>sdk\file_pack\head</Filter>
    </ClInclude>
    <ClInclude Include="..\engine\head\filepack\file_error.h">
      <Filter>sdk\file_pack\head</Filter>
    </ClInclude>
    <ClInclude Include="..\engine\head\filepack\game_filter.h">
      <Filter>sdk\file_pack\head</Filter>
    </ClInclude>
    <ClInclude Include="..\engine\head\filepack\game_pack.h">
      <Filter>sdk\file_pack\head</Filter>
    </ClInclude>
    <ClInclude Include="..\engine\head\filepack\memory_buffer.h">
      <Filter>sdk\file_pack\head</Filter>
    </ClInclude>
    <ClInclude Include="..\engine\head\filepack\memory_file.h">
      <Filter>sdk\file_pack\head</Filter>
    </ClInclude>
    <ClInclude Include="..\engine\head\filepack\normal_pack.h">
      <Filter>sdk\file_pack\head</Filter>
    </ClInclude>
    <ClInclude Include="..\engine\head\filepack\pack_error.h">
      <Filter>sdk\file_pack\head</Filter>
    </ClInclude>
    <ClInclude Include="..\engine\head\filepack\pack_factory.h">
      <Filter>sdk\file_pack\head</Filter>
    </ClInclude>
    <ClInclude Include="..\engine\head\filepack\pack_file.h">
      <Filter>sdk\file_pack\head</Filter>
    </ClInclude>
    <ClInclude Include="..\engine\head\filepack\pack_manager.h">
      <Filter>sdk\file_pack\head</Filter>
    </ClInclude>
    <ClInclude Include="..\engine\head\filepack\profile.h">
      <Filter>sdk\file_pack\head</Filter>
    </ClInclude>
    <ClInclude Include="..\engine\head\filepack\profile_result.h">
      <Filter>sdk\file_pack\head</Filter>
    </ClInclude>
    <ClInclude Include="..\engine\head\filepack\rt_async_file.h">
      <Filter>sdk\file_pack\head</Filter>
    </ClInclude>
    <ClInclude Include="..\engine\head\filepack\unpack_file.h">
      <Filter>sdk\file_pack\head</Filter>
    </ClInclude>
    <ClInclude Include="console_main.h">
      <Filter>tool</Filter>
    </ClInclude>
    <ClInclude Include="pack_tool.h">
      <Filter>tool</Filter>
    </ClInclude>
    <ClInclude Include="shared\game_string_assistant.h">
      <Filter>shared</Filter>
    </ClInclude>
  </ItemGroup>
  <ItemGroup>
    <Image Include="res\bitmap1.bmp">
      <Filter>Resource Files</Filter>
    </Image>
    <Image Include="res\bitmap2.bmp">
      <Filter>Resource Files</Filter>
    </Image>
    <Image Include="res\bitmap3.bmp">
      <Filter>Resource Files</Filter>
    </Image>
    <Image Include="res\bitmap4.bmp">
      <Filter>Resource Files</Filter>
    </Image>
    <Image Include="res\bitmap5.bmp">
      <Filter>Resource Files</Filter>
    </Image>
    <Image Include="res\tool_files_packet.ico">
      <Filter>Resource Files</Filter>
    </Image>
    <Image Include="res\tool_files_packetDoc.ico">
      <Filter>Resource Files</Filter>
    </Image>
    <Image Include="res\Toolbar.bmp">
      <Filter>Resource Files</Filter>
    </Image>
  </ItemGroup>
  <ItemGroup>
    <ResourceCompile Include="tool_files_packet.rc">
      <Filter>Resource Files</Filter>
    </ResourceCompile>
  </ItemGroup>
  <ItemGroup>
    <None Include="res\tool_files_packet.rc2">
      <Filter>Resource Files</Filter>
    </None>
  </ItemGroup>
  <ItemGroup>
    <Text Include="ReadMe.txt" />
  </ItemGroup>
</Project>