<?xml version="1.0" encoding="UTF-8" standalone="yes" ?>
<CodeBlocks_project_file>
	<FileVersion major="1" minor="6" />
	<Project>
		<Option title="graph" />
		<Option pch_mode="2" />
		<Option compiler="gcc" />
		<Build>
			<Target title="mdd_ps Win32">
				<Option output="graph" prefix_auto="1" extension_auto="1" />
				<Option type="0" />
				<Option compiler="gcc" />
				<Compiler>
					<Add option="-DWIN32" />
					<Add option="-D_DEBUG" />
					<Add option="-D_CONSOLE" />
					<Add option="-DUSE_D3D9" />
					<Add option="-D_CRT_SECURE_NO_WARNINGS" />
					<Add directory="C:/workspace/src/src/graph/../../head" />
					<Add directory="C:/workspace/src/src/graph/../../../../shared/trunk/sdk/include/dxsdk" />
				</Compiler>
			</Target>
			<Target title="md_perf_hud Win32">
				<Option output="graph" prefix_auto="1" extension_auto="1" />
				<Option type="0" />
				<Option compiler="gcc" />
				<Compiler>
					<Add option="-DWIN32" />
					<Add option="-DNDEBUG" />
					<Add option="-D_CONSOLE" />
					<Add option="-DUSE_D3D9" />
					<Add option="-D_PerfHUD_" />
					<Add option="-D_CRT_SECURE_NO_WARNINGS" />
					<Add directory="C:/workspace/src/src/graph/../../head" />
					<Add directory="C:/workspace/src/src/graph/../../../../shared/trunk/sdk/include/dxsdk" />
				</Compiler>
			</Target>
			<Target title="editor Win32">
				<Option output="graph" prefix_auto="1" extension_auto="1" />
				<Option type="0" />
				<Option compiler="gcc" />
				<Compiler>
					<Add option="-DWIN32" />
					<Add option="-DNDEBUG" />
					<Add option="-D_CONSOLE" />
					<Add option="-DUSE_D3D9" />
					<Add option="-D_CRT_SECURE_NO_WARNINGS" />
					<Add directory="C:/workspace/src/src/graph/../../head" />
					<Add directory="C:/workspace/src/src/graph/../../../../shared/trunk/sdk/include/dxsdk" />
				</Compiler>
			</Target>
			<Target title="mt Win32">
				<Option output="graph" prefix_auto="1" extension_auto="1" />
				<Option type="0" />
				<Option compiler="gcc" />
				<Compiler>
					<Add option="-DWIN32" />
					<Add option="-DNDEBUG" />
					<Add option="-D_CONSOLE" />
					<Add option="-DUSE_D3D9" />
					<Add option="-D_CRT_SECURE_NO_WARNINGS" />
					<Add directory="C:/workspace/src/src/graph/../../head" />
					<Add directory="C:/workspace/src/src/graph/../../../../shared/trunk/sdk/include/dxsdk" />
				</Compiler>
			</Target>
			<Target title="mdd Win32">
				<Option output="graph" prefix_auto="1" extension_auto="1" />
				<Option type="0" />
				<Option compiler="gcc" />
				<Compiler>
					<Add option="-DWIN32" />
					<Add option="-D_DEBUG" />
					<Add option="-D_CONSOLE" />
					<Add option="-DUSE_D3D9" />
					<Add option="-D_CRT_SECURE_NO_WARNINGS" />
					<Add directory="C:/workspace/src/src/graph/../../head" />
					<Add directory="C:/workspace/src/src/graph/../../../../shared/trunk/sdk/include/dxsdk" />
				</Compiler>
			</Target>
			<Target title="mt_perf_hud Win32">
				<Option output="graph" prefix_auto="1" extension_auto="1" />
				<Option type="0" />
				<Option compiler="gcc" />
				<Compiler>
					<Add option="-DWIN32" />
					<Add option="-DNDEBUG" />
					<Add option="-D_CONSOLE" />
					<Add option="-DUSE_D3D9" />
					<Add option="-D_PerfHUD_" />
					<Add option="-D_CRT_SECURE_NO_WARNINGS" />
					<Add directory="C:/workspace/src/src/graph/../../head" />
					<Add directory="C:/workspace/src/src/graph/../../../../shared/trunk/sdk/include/dxsdk" />
				</Compiler>
			</Target>
			<Target title="scene_eidtor_d Win32">
				<Option output="graph" prefix_auto="1" extension_auto="1" />
				<Option type="0" />
				<Option compiler="gcc" />
				<Compiler>
					<Add option="-DWIN32" />
					<Add option="-D_DEBUG" />
					<Add option="-D_CONSOLE" />
					<Add option="-DUSE_D3D9" />
					<Add option="-D_CRT_SECURE_NO_WARNINGS" />
					<Add directory="C:/workspace/src/src/graph/../../head" />
					<Add directory="C:/workspace/src/src/graph/../../../../shared/trunk/sdk/include/dxsdk" />
				</Compiler>
			</Target>
			<Target title="mtd Win32">
				<Option output="graph" prefix_auto="1" extension_auto="1" />
				<Option type="0" />
				<Option compiler="gcc" />
				<Compiler>
					<Add option="-DWIN32" />
					<Add option="-D_DEBUG" />
					<Add option="-D_CONSOLE" />
					<Add option="-DUSE_D3D9" />
					<Add option="-DENABLE_OPERATOR_NEW" />
					<Add option="-D_CRT_SECURE_NO_WARNINGS" />
					<Add directory="C:/workspace/src/src/graph/../../head" />
					<Add directory="C:/workspace/src/src/graph/../../../../shared/trunk/sdk/include/dxsdk" />
				</Compiler>
			</Target>
			<Target title="md Win32">
				<Option output="graph" prefix_auto="1" extension_auto="1" />
				<Option type="0" />
				<Option compiler="gcc" />
				<Compiler>
					<Add option="-DWIN32" />
					<Add option="-DNDEBUG" />
					<Add option="-D_CONSOLE" />
					<Add option="-DUSE_D3D9" />
					<Add option="-D_CRT_SECURE_NO_WARNINGS" />
					<Add directory="C:/workspace/src/src/graph/../../head" />
					<Add directory="C:/workspace/src/src/graph/../../sdk/include/dxsdk" />
					<Add directory="$(DXSDK_DIR)/Include" />
					<Add directory="C:/Program Files (x86)/Windows Kits/8.1/Include/um" />
					<Add directory="C:/Program Files (x86)/Windows Kits/8.1/Include/shared" />
				</Compiler>
			</Target>
			<Target title="editord Win32">
				<Option output="graph" prefix_auto="1" extension_auto="1" />
				<Option type="0" />
				<Option compiler="gcc" />
				<Compiler>
					<Add option="-DWIN32" />
					<Add option="-D_DEBUG" />
					<Add option="-D_CONSOLE" />
					<Add option="-DUSE_D3D9" />
					<Add option="-D_CRT_SECURE_NO_WARNINGS" />
					<Add directory="C:/workspace/src/src/graph/../../head" />
					<Add directory="C:/workspace/src/src/graph/../../../../shared/trunk/sdk/include/dxsdk" />
				</Compiler>
			</Target>
			<Target title="md_ps Win32">
				<Option output="graph" prefix_auto="1" extension_auto="1" />
				<Option type="0" />
				<Option compiler="gcc" />
				<Compiler>
					<Add option="-DWIN32" />
					<Add option="-DNDEBUG" />
					<Add option="-D_CONSOLE" />
					<Add option="-DUSE_D3D9" />
					<Add option="-D_CRT_SECURE_NO_WARNINGS" />
					<Add directory="C:/workspace/src/src/graph/../../head" />
					<Add directory="C:/workspace/src/src/graph/../../../../shared/trunk/sdk/include/dxsdk" />
				</Compiler>
			</Target>
		</Build>
		<Unit filename="../../head/graph/d3dapp.h" />
		<Unit filename="../../head/graph/d3denumeration.h" />
		<Unit filename="../../head/graph/d3dfont.h" />
		<Unit filename="../../head/graph/d3dres.h" />
		<Unit filename="../../head/graph/d3dsettings.h" />
		<Unit filename="../../head/graph/d3dutil.h" />
		<Unit filename="../../head/graph/dxutil.h" />
		<Unit filename="../../head/graph/rt_graph.h" />
		<Unit filename="../../head/graph/rtg_buffer.h" />
		<Unit filename="../../head/graph/rtg_buffer_allocator.h" />
		<Unit filename="../../head/graph/rtg_camera.h" />
		<Unit filename="../../head/graph/rtg_collision.h" />
		<Unit filename="../../head/graph/rtg_config.h" />
		<Unit filename="../../head/graph/rtg_device.h" />
		<Unit filename="../../head/graph/rtg_device_2d.h" />
		<Unit filename="../../head/graph/rtg_device_d3d9.h" />
		<Unit filename="../../head/graph/rtg_device_event.h" />
		<Unit filename="../../head/graph/rtg_effect_code.h" />
		<Unit filename="../../head/graph/rtg_effect_manager.h" />
		<Unit filename="../../head/graph/rtg_enum.h" />
		<Unit filename="../../head/graph/rtg_frame.h" />
		<Unit filename="../../head/graph/rtg_frustum.h" />
		<Unit filename="../../head/graph/rtg_geometry.h" />
		<Unit filename="../../head/graph/rtg_graph.h" />
		<Unit filename="../../head/graph/rtg_image.h" />
		<Unit filename="../../head/graph/rtg_ligth.h" />
		<Unit filename="../../head/graph/rtg_math.h" />
		<Unit filename="../../head/graph/rtg_matrix.h" />
		<Unit filename="../../head/graph/rtg_node.h" />
		<Unit filename="../../head/graph/rtg_plane.h" />
		<Unit filename="../../head/graph/rtg_refreshrate.h" />
		<Unit filename="../../head/graph/rtg_render_target_manager.h" />
		<Unit filename="../../head/graph/rtg_shader.h" />
		<Unit filename="../../head/graph/rtg_texture.h" />
		<Unit filename="../../head/graph/rtg_texture_manager.h" />
		<Unit filename="../../head/graph/rtg_texture_util.h" />
		<Unit filename="../../head/graph/rtg_thread_lock.h" />
		<Unit filename="../../head/graph/rtg_triangle.h" />
		<Unit filename="../../head/graph/rtg_type.h" />
		<Unit filename="../../head/graph/rtg_util.h" />
		<Unit filename="../../head/graph/rtg_vertex.h" />
		<Unit filename="TextureHeader.h" />
		<Unit filename="TextureRLE.cpp" />
		<Unit filename="TextureRLE.h" />
		<Unit filename="TextureRLEWrapper.cpp" />
		<Unit filename="TextureRLEWrapper.h" />
		<Unit filename="d3dapp.cpp" />
		<Unit filename="d3denumeration.cpp" />
		<Unit filename="d3dfont.cpp" />
		<Unit filename="d3dsettings.cpp" />
		<Unit filename="d3dutil.cpp" />
		<Unit filename="dxutil.cpp" />
		<Unit filename="jconfig.h" />
		<Unit filename="jmorecfg.h" />
		<Unit filename="jpeglib.h" />
		<Unit filename="rt_graph.cpp" />
		<Unit filename="rtg_app_wnd.cpp" />
		<Unit filename="rtg_app_wnd.h" />
		<Unit filename="rtg_buffer.cpp" />
		<Unit filename="rtg_buffer_allocator.cpp" />
		<Unit filename="rtg_buffer_manager.cpp" />
		<Unit filename="rtg_buffer_manager_d3d8.cpp" />
		<Unit filename="rtg_buffer_manager_d3d8.h" />
		<Unit filename="rtg_camera.cpp" />
		<Unit filename="rtg_collision.cpp" />
		<Unit filename="rtg_config.cpp" />
		<Unit filename="rtg_console.cpp" />
		<Unit filename="rtg_console.h" />
		<Unit filename="rtg_device.cpp" />
		<Unit filename="rtg_device_2d.cpp" />
		<Unit filename="rtg_device_d3d9.cpp" />
		<Unit filename="rtg_device_factory.h" />
		<Unit filename="rtg_effect_code.cpp" />
		<Unit filename="rtg_effect_manager.cpp" />
		<Unit filename="rtg_enum_mapping.h" />
		<Unit filename="rtg_frame.cpp" />
		<Unit filename="rtg_frustum.cpp" />
		<Unit filename="rtg_geometry.cpp" />
		<Unit filename="rtg_graph_inter.h" />
		<Unit filename="rtg_i_util.cpp" />
		<Unit filename="rtg_i_util.h" />
		<Unit filename="rtg_image.cpp" />
		<Unit filename="rtg_image_bmp.cpp" />
		<Unit filename="rtg_image_bmp.h" />
		<Unit filename="rtg_image_dds.cpp" />
		<Unit filename="rtg_image_dds.h" />
		<Unit filename="rtg_image_jpg.cpp" />
		<Unit filename="rtg_image_jpg.h" />
		<Unit filename="rtg_image_tga.cpp" />
		<Unit filename="rtg_image_tga.h" />
		<Unit filename="rtg_ligth.cpp" />
		<Unit filename="rtg_math.cpp" />
		<Unit filename="rtg_matrix.cpp" />
		<Unit filename="rtg_node.cpp" />
		<Unit filename="rtg_plane.cpp" />
		<Unit filename="rtg_refreshrate_dd7.cpp" />
		<Unit filename="rtg_render_target_manager.cpp" />
		<Unit filename="rtg_texture.cpp" />
		<Unit filename="rtg_texture_manager.cpp" />
		<Unit filename="rtg_texture_util.cpp" />
		<Unit filename="rtg_util.cpp" />
		<Unit filename="rtg_vertex.cpp" />
		<Extensions>
			<code_completion />
			<envvars />
			<debugger />
		</Extensions>
	</Project>
</CodeBlocks_project_file>
