<?xml version="1.0" encoding="UTF-8" standalone="yes" ?>
<CodeBlocks_project_file>
	<FileVersion major="1" minor="6" />
	<Project>
		<Option title="character2" />
		<Option pch_mode="2" />
		<Option compiler="gcc" />
		<Build>
			<Target title="mt Win32">
				<Option output="lib_character2" prefix_auto="1" extension_auto="1" />
				<Option type="0" />
				<Option compiler="gcc" />
				<Compiler>
					<Add option="-DWIN32" />
					<Add option="-DNDEBUG" />
					<Add option="-D_LIB" />
					<Add option="-DUSE_D3D9" />
					<Add directory="C:/workspace/src/src/character2/../../head" />
				</Compiler>
			</Target>
			<Target title="mdd Win32">
				<Option output="lib_character2" prefix_auto="1" extension_auto="1" />
				<Option type="0" />
				<Option compiler="gcc" />
				<Compiler>
					<Add option="-DWIN32" />
					<Add option="-D_DEBUG" />
					<Add option="-D_LIB" />
					<Add option="-DUSE_D3D9" />
					<Add directory="C:/workspace/src/src/character2/../../head" />
				</Compiler>
			</Target>
			<Target title="mtd Win32">
				<Option output="lib_character2" prefix_auto="1" extension_auto="1" />
				<Option type="0" />
				<Option compiler="gcc" />
				<Compiler>
					<Add option="-DWIN32" />
					<Add option="-D_DEBUG" />
					<Add option="-D_LIB" />
					<Add option="-DUSE_D3D9" />
					<Add option="-DENABLE_OPERATOR_NEW" />
					<Add directory="C:/workspace/src/src/character2/../../head" />
				</Compiler>
			</Target>
			<Target title="md Win32">
				<Option output="lib_character2" prefix_auto="1" extension_auto="1" />
				<Option type="0" />
				<Option compiler="gcc" />
				<Compiler>
					<Add option="-DWIN32" />
					<Add option="-DNDEBUG" />
					<Add option="-D_LIB" />
					<Add option="-DUSE_D3D9" />
					<Add directory="C:/workspace/src/src/character2/../../head" />
					<Add directory="C:/Program Files (x86)/Windows Kits/8.1/Include/um" />
					<Add directory="C:/Program Files (x86)/Windows Kits/8.1/Include/shared" />
				</Compiler>
			</Target>
		</Build>
		<Unit filename="../../head/character2/actor.h" />
		<Unit filename="../../head/character2/cha_anim.h" />
		<Unit filename="../../head/character2/cha_compress.h" />
		<Unit filename="../../head/character2/cha_data.h" />
		<Unit filename="../../head/character2/cha_effect.h" />
		<Unit filename="../../head/character2/cha_mtl.h" />
		<Unit filename="../../head/character2/cha_sys.h" />
		<Unit filename="../../head/character2/rt_char_lib.cpp" />
		<Unit filename="cha_anim.cpp" />
		<Unit filename="cha_data.cpp" />
		<Unit filename="cha_editor.cpp" />
		<Unit filename="cha_effect.cpp" />
		<Unit filename="cha_mtl.cpp" />
		<Unit filename="cha_sys.cpp" />
		<Extensions>
			<code_completion />
			<envvars />
			<debugger />
		</Extensions>
	</Project>
</CodeBlocks_project_file>
