<?xml version="1.0" encoding="UTF-8" standalone="yes" ?>
<CodeBlocks_project_file>
	<FileVersion major="1" minor="6" />
	<Project>
		<Option title="filepack" />
		<Option pch_mode="2" />
		<Option compiler="gcc" />
		<Build>
			<Target title="mdd_ps Win32">
				<Option output="filepack" prefix_auto="1" extension_auto="1" />
				<Option type="0" />
				<Option compiler="gcc" />
				<Compiler>
					<Add option="-DWIN32" />
					<Add option="-D_DEBUG" />
					<Add option="-D_CONSOLE" />
					<Add directory="C:/workspace/src/src/filepack/../../head" />
				</Compiler>
			</Target>
			<Target title="md_perf_hud Win32">
				<Option output="filepack" prefix_auto="1" extension_auto="1" />
				<Option type="0" />
				<Option compiler="gcc" />
				<Compiler>
					<Add option="-DWIN32" />
					<Add option="-DNDEBUG" />
					<Add option="-D_CONSOLE" />
					<Add directory="C:/workspace/src/src/filepack/../../head" />
				</Compiler>
			</Target>
			<Target title="editor Win32">
				<Option output="filepack" prefix_auto="1" extension_auto="1" />
				<Option type="0" />
				<Option compiler="gcc" />
				<Compiler>
					<Add option="-DWIN32" />
					<Add option="-DNDEBUG" />
					<Add option="-D_CONSOLE" />
					<Add directory="C:/workspace/src/src/filepack/../../head" />
				</Compiler>
			</Target>
			<Target title="mt Win32">
				<Option output="filepack" prefix_auto="1" extension_auto="1" />
				<Option type="0" />
				<Option compiler="gcc" />
				<Compiler>
					<Add option="-DWIN32" />
					<Add option="-DNDEBUG" />
					<Add option="-D_CONSOLE" />
					<Add option="-D_CRT_SECURE_NO_WARNINGS" />
					<Add directory="C:/workspace/src/src/filepack/../../head" />
				</Compiler>
			</Target>
			<Target title="mdd Win32">
				<Option output="filepack" prefix_auto="1" extension_auto="1" />
				<Option type="0" />
				<Option compiler="gcc" />
				<Compiler>
					<Add option="-DWIN32" />
					<Add option="-D_DEBUG" />
					<Add option="-D_CONSOLE" />
					<Add option="-D_CRT_SECURE_NO_WARNINGS" />
					<Add directory="C:/workspace/src/src/filepack/../../head" />
				</Compiler>
			</Target>
			<Target title="mt_perf_hud Win32">
				<Option output="filepack" prefix_auto="1" extension_auto="1" />
				<Option type="0" />
				<Option compiler="gcc" />
				<Compiler>
					<Add option="-DWIN32" />
					<Add option="-DNDEBUG" />
					<Add option="-D_CONSOLE" />
					<Add directory="C:/workspace/src/src/filepack/../../head" />
				</Compiler>
			</Target>
			<Target title="scene_eidtor_d Win32">
				<Option output="filepack" prefix_auto="1" extension_auto="1" />
				<Option type="0" />
				<Option compiler="gcc" />
				<Compiler>
					<Add option="-DWIN32" />
					<Add option="-D_DEBUG" />
					<Add option="-D_CONSOLE" />
					<Add directory="C:/workspace/src/src/filepack/../../head" />
				</Compiler>
			</Target>
			<Target title="mtd Win32">
				<Option output="filepack" prefix_auto="1" extension_auto="1" />
				<Option type="0" />
				<Option compiler="gcc" />
				<Compiler>
					<Add option="-DWIN32" />
					<Add option="-D_DEBUG" />
					<Add option="-D_CONSOLE" />
					<Add option="-D_CRT_SECURE_NO_WARNINGS" />
					<Add directory="C:/workspace/src/src/filepack/../../head" />
				</Compiler>
			</Target>
			<Target title="md Win32">
				<Option output="filepack" prefix_auto="1" extension_auto="1" />
				<Option type="0" />
				<Option compiler="gcc" />
				<Compiler>
					<Add option="-DWIN32" />
					<Add option="-DNDEBUG" />
					<Add option="-D_CONSOLE" />
					<Add option="-D_CRT_SECURE_NO_WARNINGS" />
					<Add directory="C:/workspace/src/src/filepack/../../head" />
					<Add directory="C:/Program Files (x86)/Windows Kits/8.1/Include/um" />
					<Add directory="C:/Program Files (x86)/Windows Kits/8.1/Include/shared" />
				</Compiler>
			</Target>
			<Target title="editord Win32">
				<Option output="filepack" prefix_auto="1" extension_auto="1" />
				<Option type="0" />
				<Option compiler="gcc" />
				<Compiler>
					<Add option="-DWIN32" />
					<Add option="-D_DEBUG" />
					<Add option="-D_CONSOLE" />
					<Add directory="C:/workspace/src/src/filepack/../../head" />
				</Compiler>
			</Target>
			<Target title="md_ps Win32">
				<Option output="filepack" prefix_auto="1" extension_auto="1" />
				<Option type="0" />
				<Option compiler="gcc" />
				<Compiler>
					<Add option="-DWIN32" />
					<Add option="-DNDEBUG" />
					<Add option="-D_CONSOLE" />
					<Add directory="C:/workspace/src/src/filepack/../../head" />
				</Compiler>
			</Target>
		</Build>
		<Unit filename="../../head/filepack/ansi_file.h" />
		<Unit filename="../../head/filepack/compress_mode.h" />
		<Unit filename="../../head/filepack/file_error.h" />
		<Unit filename="../../head/filepack/game_pack.h" />
		<Unit filename="../../head/filepack/memory_buffer.h" />
		<Unit filename="../../head/filepack/memory_file.h" />
		<Unit filename="../../head/filepack/normal_pack.h" />
		<Unit filename="../../head/filepack/pack_error.h" />
		<Unit filename="../../head/filepack/pack_factory.h" />
		<Unit filename="../../head/filepack/pack_file.h" />
		<Unit filename="../../head/filepack/pack_manager.h" />
		<Unit filename="../../head/filepack/profile.h" />
		<Unit filename="../../head/filepack/profile_result.h" />
		<Unit filename="../../head/filepack/rt_async_file.h" />
		<Unit filename="../../head/filepack/unpack_file.h" />
		<Unit filename="ansi_file.cpp" />
		<Unit filename="blow_fish.cpp" />
		<Unit filename="blow_fish.h" />
		<Unit filename="game_pack.cpp" />
		<Unit filename="normal_pack.cpp" />
		<Unit filename="pack_factory.cpp" />
		<Unit filename="pack_file.cpp" />
		<Unit filename="pack_manager.cpp" />
		<Unit filename="profile.cpp" />
		<Unit filename="profile_result.cpp" />
		<Unit filename="unpack_file.cpp" />
		<Extensions>
			<code_completion />
			<envvars />
			<debugger />
		</Extensions>
	</Project>
</CodeBlocks_project_file>
