<?xml version="1.0" encoding="UTF-8" standalone="yes" ?>
<CodeBlocks_project_file>
	<FileVersion major="1" minor="6" />
	<Project>
		<Option title="core" />
		<Option pch_mode="2" />
		<Option compiler="gcc" />
		<Build>
			<Target title="mdd_ps Win32">
				<Option output="core" prefix_auto="1" extension_auto="1" />
				<Option type="0" />
				<Option compiler="gcc" />
				<Compiler>
					<Add option="-DWIN32" />
					<Add option="-D_DEBUG" />
					<Add option="-D_CONSOLE" />
					<Add option="-D_CRT_SECURE_NO_WARNINGS" />
					<Add directory="C:/workspace/src/src/core/../../head" />
				</Compiler>
			</Target>
			<Target title="md_perf_hud Win32">
				<Option output="core" prefix_auto="1" extension_auto="1" />
				<Option type="0" />
				<Option compiler="gcc" />
				<Compiler>
					<Add option="-DWIN32" />
					<Add option="-DNDEBUG" />
					<Add option="-D_CONSOLE" />
					<Add option="-D_CRT_SECURE_NO_WARNINGS" />
					<Add directory="C:/workspace/src/src/core/../../head" />
				</Compiler>
			</Target>
			<Target title="editor Win32">
				<Option output="core" prefix_auto="1" extension_auto="1" />
				<Option type="0" />
				<Option compiler="gcc" />
				<Compiler>
					<Add option="-DWIN32" />
					<Add option="-DNDEBUG" />
					<Add option="-D_CONSOLE" />
					<Add option="-D_CRT_SECURE_NO_WARNINGS" />
					<Add directory="C:/workspace/src/src/core/../../head" />
				</Compiler>
			</Target>
			<Target title="mt Win32">
				<Option output="core" prefix_auto="1" extension_auto="1" />
				<Option type="0" />
				<Option compiler="gcc" />
				<Compiler>
					<Add option="-DWIN32" />
					<Add option="-DNDEBUG" />
					<Add option="-D_CONSOLE" />
					<Add option="-D_CRT_SECURE_NO_WARNINGS" />
					<Add directory="C:/workspace/src/src/core/../../head" />
				</Compiler>
			</Target>
			<Target title="mdd Win32">
				<Option output="core" prefix_auto="1" extension_auto="1" />
				<Option type="0" />
				<Option compiler="gcc" />
				<Compiler>
					<Add option="-DWIN32" />
					<Add option="-D_DEBUG" />
					<Add option="-D_CONSOLE" />
					<Add option="-D_CRT_SECURE_NO_WARNINGS" />
					<Add directory="C:/workspace/src/src/core/../../head" />
				</Compiler>
			</Target>
			<Target title="mt_perf_hud Win32">
				<Option output="core" prefix_auto="1" extension_auto="1" />
				<Option type="0" />
				<Option compiler="gcc" />
				<Compiler>
					<Add option="-DWIN32" />
					<Add option="-DNDEBUG" />
					<Add option="-D_CONSOLE" />
					<Add option="-D_CRT_SECURE_NO_WARNINGS" />
					<Add directory="C:/workspace/src/src/core/../../head" />
				</Compiler>
			</Target>
			<Target title="scene_eidtor_d Win32">
				<Option output="core" prefix_auto="1" extension_auto="1" />
				<Option type="0" />
				<Option compiler="gcc" />
				<Compiler>
					<Add option="-DWIN32" />
					<Add option="-D_DEBUG" />
					<Add option="-D_CONSOLE" />
					<Add option="-D_CRT_SECURE_NO_WARNINGS" />
					<Add directory="C:/workspace/src/src/core/../../head" />
				</Compiler>
			</Target>
			<Target title="mtd Win32">
				<Option output="core" prefix_auto="1" extension_auto="1" />
				<Option type="0" />
				<Option compiler="gcc" />
				<Compiler>
					<Add option="-DWIN32" />
					<Add option="-D_DEBUG" />
					<Add option="-D_CONSOLE" />
					<Add option="-D_CRT_SECURE_NO_WARNINGS" />
					<Add directory="C:/workspace/src/src/core/../../head" />
				</Compiler>
			</Target>
			<Target title="md Win32">
				<Option output="core" prefix_auto="1" extension_auto="1" />
				<Option type="0" />
				<Option compiler="gcc" />
				<Compiler>
					<Add option="-DWIN32" />
					<Add option="-DNDEBUG" />
					<Add option="-D_CONSOLE" />
					<Add option="-D_CRT_SECURE_NO_WARNINGS" />
					<Add directory="C:/workspace/src/src/core/../../head" />
					<Add directory="C:/Program Files (x86)/Windows Kits/8.1/Include/um" />
					<Add directory="C:/Program Files (x86)/Windows Kits/8.1/Include/shared" />
				</Compiler>
			</Target>
			<Target title="editord Win32">
				<Option output="core" prefix_auto="1" extension_auto="1" />
				<Option type="0" />
				<Option compiler="gcc" />
				<Compiler>
					<Add option="-DWIN32" />
					<Add option="-D_DEBUG" />
					<Add option="-D_CONSOLE" />
					<Add option="-D_CRT_SECURE_NO_WARNINGS" />
					<Add directory="C:/workspace/src/src/core/../../head" />
				</Compiler>
			</Target>
			<Target title="md_ps Win32">
				<Option output="core" prefix_auto="1" extension_auto="1" />
				<Option type="0" />
				<Option compiler="gcc" />
				<Compiler>
					<Add option="-DWIN32" />
					<Add option="-DNDEBUG" />
					<Add option="-D_CONSOLE" />
					<Add option="-D_CRT_SECURE_NO_WARNINGS" />
					<Add directory="C:/workspace/src/src/core/../../head" />
				</Compiler>
			</Target>
		</Build>
		<Unit filename="../../head/core/RtPool.h" />
		<Unit filename="../../head/core/rt2_core.h" />
		<Unit filename="../../head/core/rt2_farray.h" />
		<Unit filename="../../head/core/rtc2_build_option.h" />
		<Unit filename="../../head/core/rtc2_database.h" />
		<Unit filename="../../head/core/rtc2_debug.h" />
		<Unit filename="../../head/core/rtc2_encrypt.h" />
		<Unit filename="../../head/core/rtc2_engine_sys.h" />
		<Unit filename="../../head/core/rtc2_file.h" />
		<Unit filename="../../head/core/rtc2_lock.h" />
		<Unit filename="../../head/core/rtc2_log.h" />
		<Unit filename="../../head/core/rtc2_math.h" />
		<Unit filename="../../head/core/rtc2_memory.h" />
		<Unit filename="../../head/core/rtc2_object.h" />
		<Unit filename="../../head/core/rtc2_platform.h" />
		<Unit filename="../../head/core/rtc2_platform_unix.h" />
		<Unit filename="../../head/core/rtc2_platform_win32.h" />
		<Unit filename="../../head/core/rtc2_process.h" />
		<Unit filename="../../head/core/rtc2_safestr.h" />
		<Unit filename="../../head/core/rtc2_smartptr.h" />
		<Unit filename="../../head/core/rtc2_string.h" />
		<Unit filename="../../head/core/rtc2_system_info.h" />
		<Unit filename="../../head/core/rtc2_text.h" />
		<Unit filename="../../head/core/rtc2_text_ini.h" />
		<Unit filename="../../head/core/rtc2_text_table.h" />
		<Unit filename="../../head/core/rtc2_text_util.h" />
		<Unit filename="../../head/core/rtc2_text_xml.h" />
		<Unit filename="../../head/core/rtc2_thread.h" />
		<Unit filename="../../head/core/rtc2_thread.inl" />
		<Unit filename="../../head/core/rtc2_thread_event.h" />
		<Unit filename="../../head/core/rtc2_time.h" />
		<Unit filename="../../head/core/rtc2_util.h" />
		<Unit filename="../../head/core/zconf.h" />
		<Unit filename="../../head/core/zlib.h" />
		<Unit filename="../../head/core/zstream.h" />
		<Unit filename="hashing/rt_crc16.cpp" />
		<Unit filename="hashing/rt_crc32.cpp" />
		<Unit filename="hashing/rt_crc8.cpp" />
		<Unit filename="hashing/rt_md5.cpp" />
		<Unit filename="hashing/rt_md5.h" />
		<Unit filename="rt2_resource_alloc.h" />
		<Unit filename="rtc2_archive_ansi.h" />
		<Unit filename="rtc2_core.cpp" />
		<Unit filename="rtc2_core_inter.h" />
		<Unit filename="rtc2_debug.cpp" />
		<Unit filename="rtc2_encrypt.cpp" />
		<Unit filename="rtc2_file.cpp" />
		<Unit filename="rtc2_filemgr_generic.h" />
		<Unit filename="rtc2_ini.cpp" />
		<Unit filename="rtc2_ini_i.h" />
		<Unit filename="rtc2_ini_parser.c">
			<Option compilerVar="CC" />
		</Unit>
		<Unit filename="rtc2_ini_scanner.c">
			<Option compilerVar="CC" />
		</Unit>
		<Unit filename="rtc2_log.cpp" />
		<Unit filename="rtc2_math.cpp" />
		<Unit filename="rtc2_memory.cpp" />
		<Unit filename="rtc2_memory_instance.h" />
		<Unit filename="rtc2_object.cpp" />
		<Unit filename="rtc2_platform.cpp" />
		<Unit filename="rtc2_platform_unix.cpp" />
		<Unit filename="rtc2_platform_win32.cpp" />
		<Unit filename="rtc2_process.cpp" />
		<Unit filename="rtc2_safestr.cpp" />
		<Unit filename="rtc2_script_comm.cpp" />
		<Unit filename="rtc2_script_comm.h" />
		<Unit filename="rtc2_script_table.cpp" />
		<Unit filename="rtc2_string.cpp" />
		<Unit filename="rtc2_system_info_posix.cpp" />
		<Unit filename="rtc2_system_info_win32.cpp" />
		<Unit filename="rtc2_text_util.cpp" />
		<Unit filename="rtc2_thread.cpp" />
		<Unit filename="rtc2_thread_posix.cpp" />
		<Unit filename="rtc2_thread_win32.cpp" />
		<Unit filename="rtc2_time.cpp" />
		<Unit filename="rtc2_util.cpp" />
		<Unit filename="rtc2_xml.cpp" />
		<Unit filename="rtc2_xml_i.h" />
		<Unit filename="rtc2_xml_parser.c">
			<Option compilerVar="CC" />
		</Unit>
		<Unit filename="rtc2_xml_scanner.c">
			<Option compilerVar="CC" />
		</Unit>
		<Unit filename="zconf.h" />
		<Unit filename="zlib.h" />
		<Unit filename="zlib/adler32.c">
			<Option compilerVar="CC" />
		</Unit>
		<Unit filename="zlib/compress.c">
			<Option compilerVar="CC" />
		</Unit>
		<Unit filename="zlib/crc32.c">
			<Option compilerVar="CC" />
		</Unit>
		<Unit filename="zlib/crc32.h" />
		<Unit filename="zlib/deflate.c">
			<Option compilerVar="CC" />
		</Unit>
		<Unit filename="zlib/deflate.h" />
		<Unit filename="zlib/gzio.c">
			<Option compilerVar="CC" />
		</Unit>
		<Unit filename="zlib/infback.c">
			<Option compilerVar="CC" />
		</Unit>
		<Unit filename="zlib/inffast.c">
			<Option compilerVar="CC" />
		</Unit>
		<Unit filename="zlib/inffast.h" />
		<Unit filename="zlib/inffixed.h" />
		<Unit filename="zlib/inflate.c">
			<Option compilerVar="CC" />
		</Unit>
		<Unit filename="zlib/inflate.h" />
		<Unit filename="zlib/inftrees.c">
			<Option compilerVar="CC" />
		</Unit>
		<Unit filename="zlib/inftrees.h" />
		<Unit filename="zlib/trees.c">
			<Option compilerVar="CC" />
		</Unit>
		<Unit filename="zlib/trees.h" />
		<Unit filename="zlib/uncompr.c">
			<Option compilerVar="CC" />
		</Unit>
		<Unit filename="zlib/zconf.in.h" />
		<Unit filename="zlib/zutil.c">
			<Option compilerVar="CC" />
		</Unit>
		<Unit filename="zlib/zutil.h" />
		<Unit filename="zstream.h" />
		<Extensions>
			<code_completion />
			<envvars />
			<debugger />
		</Extensions>
	</Project>
</CodeBlocks_project_file>
