
Microsoft Visual Studio Solution File, Format Version 12.00
# Visual Studio 2013
VisualStudioVersion = 12.0.21005.1
MinimumVisualStudioVersion = 10.0.40219.1
Project("{2150E333-8FDC-42A3-9474-1A3956D46DE8}") = "libs", "libs", "{952E48D5-BA04-4EB0-9C81-C0B34FD2B41D}"
	ProjectSection(SolutionItems) = preProject
		libs\audio_mdd.pdb = libs\audio_mdd.pdb
		libs\audio_mt.pdb = libs\audio_mt.pdb
		libs\audio_mtd.pdb = libs\audio_mtd.pdb
		libs\character2_md.lib = libs\character2_md.lib
		libs\character2_mt.lib = libs\character2_mt.lib
		libs\character2_mtd.lib = libs\character2_mtd.lib
		libs\character_md.pdb = libs\character_md.pdb
		libs\character_mdd.pdb = libs\character_mdd.pdb
		libs\character_mt.pdb = libs\character_mt.pdb
		libs\character_mtd.pdb = libs\character_mtd.pdb
		libs\core_md.pdb = libs\core_md.pdb
		libs\core_mdd.pdb = libs\core_mdd.pdb
		libs\core_mt.pdb = libs\core_mt.pdb
		libs\core_mtd.pdb = libs\core_mtd.pdb
		libs\filepack_md.pdb = libs\filepack_md.pdb
		libs\filepack_mdd.pdb = libs\filepack_mdd.pdb
		libs\filepack_mt.pdb = libs\filepack_mt.pdb
		libs\filepack_mtd.pdb = libs\filepack_mtd.pdb
		libs\graph_md.pdb = libs\graph_md.pdb
		libs\graph_mdd.pdb = libs\graph_mdd.pdb
		libs\graph_mt.pdb = libs\graph_mt.pdb
		libs\graph_mtd.pdb = libs\graph_mtd.pdb
		libs\net_md.pdb = libs\net_md.pdb
		libs\net_mdd.pdb = libs\net_mdd.pdb
		libs\net_mt.pdb = libs\net_mt.pdb
		libs\net_mtd.pdb = libs\net_mtd.pdb
		libs\scene_mdd.pdb = libs\scene_mdd.pdb
		libs\scene_mtd.pdb = libs\scene_mtd.pdb
		libs\ui_md.pdb = libs\ui_md.pdb
		libs\ui_mdd.pdb = libs\ui_mdd.pdb
		libs\ui_mt.pdb = libs\ui_mt.pdb
		libs\ui_mtd.pdb = libs\ui_mtd.pdb
	EndProjectSection
EndProject
Project("{2150E333-8FDC-42A3-9474-1A3956D46DE8}") = "docs", "docs", "{B06DE047-5FF0-4A0D-A76E-DE3337CC4138}"
	ProjectSection(SolutionItems) = preProject
		docs\Core模块详细设计说明书.doc = docs\Core模块详细设计说明书.doc
		docs\Filepack说明文档.doc = docs\Filepack说明文档.doc
		docs\声音系统详细设计说明书.doc = docs\声音系统详细设计说明书.doc
		docs\网络通信系统详细设计说明书.doc = docs\网络通信系统详细设计说明书.doc
	EndProjectSection
EndProject
Project("{2150E333-8FDC-42A3-9474-1A3956D46DE8}") = "chart", "chart", "{1FC28F47-7379-4E41-A4F2-FA7A31D4AD06}"
	ProjectSection(SolutionItems) = preProject
		docs\chart\actor.png = docs\chart\actor.png
		docs\chart\character.doc = docs\chart\character.doc
		docs\chart\加载流程.dwg = docs\chart\加载流程.dwg
		docs\chart\加载流程.jpg = docs\chart\加载流程.jpg
		docs\chart\加载流程.vsd = docs\chart\加载流程.vsd
		docs\chart\更新流程.jpg = docs\chart\更新流程.jpg
		docs\chart\更新流程.vsd = docs\chart\更新流程.vsd
		docs\chart\模块关系图.jpg = docs\chart\模块关系图.jpg
		docs\chart\模块关系图.vsd = docs\chart\模块关系图.vsd
		docs\chart\渲染流程.jpg = docs\chart\渲染流程.jpg
		docs\chart\渲染流程.vsd = docs\chart\渲染流程.vsd
	EndProjectSection
EndProject
Project("{2150E333-8FDC-42A3-9474-1A3956D46DE8}") = "graph", "graph", "{42FCE821-EA91-478A-B3F0-AB26135F7403}"
	ProjectSection(SolutionItems) = preProject
		docs\graph\graph.doc = docs\graph\graph.doc
		docs\graph\rtgdevice.png = docs\graph\rtgdevice.png
		docs\graph\图形系统流程.jpg = docs\graph\图形系统流程.jpg
		docs\graph\图形系统流程.vsd = docs\graph\图形系统流程.vsd
	EndProjectSection
EndProject
Project("{2150E333-8FDC-42A3-9474-1A3956D46DE8}") = "scene", "scene", "{2D6C6C60-F92D-4349-B408-3D003FC5C091}"
	ProjectSection(SolutionItems) = preProject
		docs\scene\scene.doc = docs\scene\scene.doc
		docs\scene\scene.png = docs\scene\scene.png
		docs\scene\加载流程.jpg = docs\scene\加载流程.jpg
		docs\scene\加载流程.vsd = docs\scene\加载流程.vsd
		docs\scene\模块关系图.jpg = docs\scene\模块关系图.jpg
		docs\scene\模块关系图.vsd = docs\scene\模块关系图.vsd
		docs\scene\渲染流程.jpg = docs\scene\渲染流程.jpg
		docs\scene\渲染流程.vsd = docs\scene\渲染流程.vsd
		docs\scene\详细模块关系图.png = docs\scene\详细模块关系图.png
	EndProjectSection
EndProject
Project("{2150E333-8FDC-42A3-9474-1A3956D46DE8}") = "ui", "ui", "{A509D242-1E0B-4565-8B6A-547F51E78168}"
	ProjectSection(SolutionItems) = preProject
		docs\ui\UI系统.doc = docs\ui\UI系统.doc
	EndProjectSection
EndProject
Project("{8BC9CEB8-8B4A-11D0-8D11-00A0C91BC942}") = "net", "src\net\net.vcxproj", "{F56DEFF9-6415-445E-9039-FA0BC863313F}"
EndProject
Project("{8BC9CEB8-8B4A-11D0-8D11-00A0C91BC942}") = "core", "src\core\core.vcxproj", "{0F21C645-9E5D-4072-99CD-22BAE40AB7B1}"
EndProject
Project("{8BC9CEB8-8B4A-11D0-8D11-00A0C91BC942}") = "filepack", "src\filepack\filepack.vcxproj", "{4008276D-6829-4D64-8DAC-0A03810349B7}"
EndProject
Project("{8BC9CEB8-8B4A-11D0-8D11-00A0C91BC942}") = "ui", "src\ui\ui.vcxproj", "{70404A05-83CF-43DB-A6F4-D061B543B95F}"
EndProject
Project("{8BC9CEB8-8B4A-11D0-8D11-00A0C91BC942}") = "graph", "src\graph\graph.vcxproj", "{AB43E2D4-0BE0-416D-876C-6154AE47D371}"
EndProject
Project("{8BC9CEB8-8B4A-11D0-8D11-00A0C91BC942}") = "character", "src\character\character.vcxproj", "{6FB9D3DF-7B77-4026-ABAF-04AB2E44CE6C}"
EndProject
Project("{8BC9CEB8-8B4A-11D0-8D11-00A0C91BC942}") = "audio", "src\audio\audio.vcxproj", "{548D58FD-8086-4A97-9BE6-DC3520D36CA7}"
EndProject
Project("{8BC9CEB8-8B4A-11D0-8D11-00A0C91BC942}") = "character2", "src\character2\lib_character2.vcxproj", "{5C6E0F3A-C595-49B2-8CEF-A67EFD012178}"
EndProject
Project("{8BC9CEB8-8B4A-11D0-8D11-00A0C91BC942}") = "net2", "src\net2\net2.vcxproj", "{4E168117-76B9-4999-BB5D-EBD4B6BA3B58}"
EndProject
Project("{8BC9CEB8-8B4A-11D0-8D11-00A0C91BC942}") = "scene", "src\scene\scene.vcxproj", "{20EA2582-B4BC-4631-B724-2E3E3D6A6EDA}"
EndProject
Global
	GlobalSection(SolutionConfigurationPlatforms) = preSolution
		md|Win32 = md|Win32
		mdd|Win32 = mdd|Win32
		mt|Win32 = mt|Win32
		mtd|Win32 = mtd|Win32
	EndGlobalSection
	GlobalSection(ProjectConfigurationPlatforms) = postSolution
		{F56DEFF9-6415-445E-9039-FA0BC863313F}.md|Win32.ActiveCfg = md|Win32
		{F56DEFF9-6415-445E-9039-FA0BC863313F}.md|Win32.Build.0 = md|Win32
		{F56DEFF9-6415-445E-9039-FA0BC863313F}.mdd|Win32.ActiveCfg = mdd|Win32
		{F56DEFF9-6415-445E-9039-FA0BC863313F}.mdd|Win32.Build.0 = mdd|Win32
		{F56DEFF9-6415-445E-9039-FA0BC863313F}.mt|Win32.ActiveCfg = mt|Win32
		{F56DEFF9-6415-445E-9039-FA0BC863313F}.mt|Win32.Build.0 = mt|Win32
		{F56DEFF9-6415-445E-9039-FA0BC863313F}.mtd|Win32.ActiveCfg = mtd|Win32
		{F56DEFF9-6415-445E-9039-FA0BC863313F}.mtd|Win32.Build.0 = mtd|Win32
		{0F21C645-9E5D-4072-99CD-22BAE40AB7B1}.md|Win32.ActiveCfg = md|Win32
		{0F21C645-9E5D-4072-99CD-22BAE40AB7B1}.md|Win32.Build.0 = md|Win32
		{0F21C645-9E5D-4072-99CD-22BAE40AB7B1}.mdd|Win32.ActiveCfg = mdd|Win32
		{0F21C645-9E5D-4072-99CD-22BAE40AB7B1}.mdd|Win32.Build.0 = mdd|Win32
		{0F21C645-9E5D-4072-99CD-22BAE40AB7B1}.mt|Win32.ActiveCfg = mt|Win32
		{0F21C645-9E5D-4072-99CD-22BAE40AB7B1}.mt|Win32.Build.0 = mt|Win32
		{0F21C645-9E5D-4072-99CD-22BAE40AB7B1}.mtd|Win32.ActiveCfg = mtd|Win32
		{0F21C645-9E5D-4072-99CD-22BAE40AB7B1}.mtd|Win32.Build.0 = mtd|Win32
		{4008276D-6829-4D64-8DAC-0A03810349B7}.md|Win32.ActiveCfg = md|Win32
		{4008276D-6829-4D64-8DAC-0A03810349B7}.md|Win32.Build.0 = md|Win32
		{4008276D-6829-4D64-8DAC-0A03810349B7}.mdd|Win32.ActiveCfg = mdd|Win32
		{4008276D-6829-4D64-8DAC-0A03810349B7}.mdd|Win32.Build.0 = mdd|Win32
		{4008276D-6829-4D64-8DAC-0A03810349B7}.mt|Win32.ActiveCfg = mt|Win32
		{4008276D-6829-4D64-8DAC-0A03810349B7}.mt|Win32.Build.0 = mt|Win32
		{4008276D-6829-4D64-8DAC-0A03810349B7}.mtd|Win32.ActiveCfg = mtd|Win32
		{4008276D-6829-4D64-8DAC-0A03810349B7}.mtd|Win32.Build.0 = mtd|Win32
		{70404A05-83CF-43DB-A6F4-D061B543B95F}.md|Win32.ActiveCfg = md|Win32
		{70404A05-83CF-43DB-A6F4-D061B543B95F}.md|Win32.Build.0 = md|Win32
		{70404A05-83CF-43DB-A6F4-D061B543B95F}.mdd|Win32.ActiveCfg = mdd|Win32
		{70404A05-83CF-43DB-A6F4-D061B543B95F}.mdd|Win32.Build.0 = mdd|Win32
		{70404A05-83CF-43DB-A6F4-D061B543B95F}.mt|Win32.ActiveCfg = mt|Win32
		{70404A05-83CF-43DB-A6F4-D061B543B95F}.mt|Win32.Build.0 = mt|Win32
		{70404A05-83CF-43DB-A6F4-D061B543B95F}.mtd|Win32.ActiveCfg = mtd|Win32
		{70404A05-83CF-43DB-A6F4-D061B543B95F}.mtd|Win32.Build.0 = mtd|Win32
		{AB43E2D4-0BE0-416D-876C-6154AE47D371}.md|Win32.ActiveCfg = md|Win32
		{AB43E2D4-0BE0-416D-876C-6154AE47D371}.md|Win32.Build.0 = md|Win32
		{AB43E2D4-0BE0-416D-876C-6154AE47D371}.mdd|Win32.ActiveCfg = mdd|Win32
		{AB43E2D4-0BE0-416D-876C-6154AE47D371}.mdd|Win32.Build.0 = mdd|Win32
		{AB43E2D4-0BE0-416D-876C-6154AE47D371}.mt|Win32.ActiveCfg = mt|Win32
		{AB43E2D4-0BE0-416D-876C-6154AE47D371}.mt|Win32.Build.0 = mt|Win32
		{AB43E2D4-0BE0-416D-876C-6154AE47D371}.mtd|Win32.ActiveCfg = mtd|Win32
		{AB43E2D4-0BE0-416D-876C-6154AE47D371}.mtd|Win32.Build.0 = mtd|Win32
		{6FB9D3DF-7B77-4026-ABAF-04AB2E44CE6C}.md|Win32.ActiveCfg = md|Win32
		{6FB9D3DF-7B77-4026-ABAF-04AB2E44CE6C}.md|Win32.Build.0 = md|Win32
		{6FB9D3DF-7B77-4026-ABAF-04AB2E44CE6C}.mdd|Win32.ActiveCfg = mdd|Win32
		{6FB9D3DF-7B77-4026-ABAF-04AB2E44CE6C}.mdd|Win32.Build.0 = mdd|Win32
		{6FB9D3DF-7B77-4026-ABAF-04AB2E44CE6C}.mt|Win32.ActiveCfg = mt|Win32
		{6FB9D3DF-7B77-4026-ABAF-04AB2E44CE6C}.mt|Win32.Build.0 = mt|Win32
		{6FB9D3DF-7B77-4026-ABAF-04AB2E44CE6C}.mtd|Win32.ActiveCfg = mtd|Win32
		{6FB9D3DF-7B77-4026-ABAF-04AB2E44CE6C}.mtd|Win32.Build.0 = mtd|Win32
		{548D58FD-8086-4A97-9BE6-DC3520D36CA7}.md|Win32.ActiveCfg = md|Win32
		{548D58FD-8086-4A97-9BE6-DC3520D36CA7}.md|Win32.Build.0 = md|Win32
		{548D58FD-8086-4A97-9BE6-DC3520D36CA7}.mdd|Win32.ActiveCfg = mdd|Win32
		{548D58FD-8086-4A97-9BE6-DC3520D36CA7}.mdd|Win32.Build.0 = mdd|Win32
		{548D58FD-8086-4A97-9BE6-DC3520D36CA7}.mt|Win32.ActiveCfg = mt|Win32
		{548D58FD-8086-4A97-9BE6-DC3520D36CA7}.mt|Win32.Build.0 = mt|Win32
		{548D58FD-8086-4A97-9BE6-DC3520D36CA7}.mtd|Win32.ActiveCfg = mtd|Win32
		{548D58FD-8086-4A97-9BE6-DC3520D36CA7}.mtd|Win32.Build.0 = mtd|Win32
		{5C6E0F3A-C595-49B2-8CEF-A67EFD012178}.md|Win32.ActiveCfg = md|Win32
		{5C6E0F3A-C595-49B2-8CEF-A67EFD012178}.mdd|Win32.ActiveCfg = mdd|Win32
		{5C6E0F3A-C595-49B2-8CEF-A67EFD012178}.mt|Win32.ActiveCfg = mt|Win32
		{5C6E0F3A-C595-49B2-8CEF-A67EFD012178}.mtd|Win32.ActiveCfg = mtd|Win32
		{4E168117-76B9-4999-BB5D-EBD4B6BA3B58}.md|Win32.ActiveCfg = md|Win32
		{4E168117-76B9-4999-BB5D-EBD4B6BA3B58}.md|Win32.Build.0 = md|Win32
		{4E168117-76B9-4999-BB5D-EBD4B6BA3B58}.mdd|Win32.ActiveCfg = mdd|Win32
		{4E168117-76B9-4999-BB5D-EBD4B6BA3B58}.mdd|Win32.Build.0 = mdd|Win32
		{4E168117-76B9-4999-BB5D-EBD4B6BA3B58}.mt|Win32.ActiveCfg = mt|Win32
		{4E168117-76B9-4999-BB5D-EBD4B6BA3B58}.mt|Win32.Build.0 = mt|Win32
		{4E168117-76B9-4999-BB5D-EBD4B6BA3B58}.mtd|Win32.ActiveCfg = mtd|Win32
		{4E168117-76B9-4999-BB5D-EBD4B6BA3B58}.mtd|Win32.Build.0 = mtd|Win32
		{20EA2582-B4BC-4631-B724-2E3E3D6A6EDA}.md|Win32.ActiveCfg = md|Win32
		{20EA2582-B4BC-4631-B724-2E3E3D6A6EDA}.md|Win32.Build.0 = md|Win32
		{20EA2582-B4BC-4631-B724-2E3E3D6A6EDA}.mdd|Win32.ActiveCfg = mdd|Win32
		{20EA2582-B4BC-4631-B724-2E3E3D6A6EDA}.mdd|Win32.Build.0 = mdd|Win32
		{20EA2582-B4BC-4631-B724-2E3E3D6A6EDA}.mt|Win32.ActiveCfg = mt|Win32
		{20EA2582-B4BC-4631-B724-2E3E3D6A6EDA}.mt|Win32.Build.0 = mt|Win32
		{20EA2582-B4BC-4631-B724-2E3E3D6A6EDA}.mtd|Win32.ActiveCfg = mtd|Win32
		{20EA2582-B4BC-4631-B724-2E3E3D6A6EDA}.mtd|Win32.Build.0 = mtd|Win32
	EndGlobalSection
	GlobalSection(SolutionProperties) = preSolution
		HideSolutionNode = FALSE
	EndGlobalSection
	GlobalSection(NestedProjects) = preSolution
		{1FC28F47-7379-4E41-A4F2-FA7A31D4AD06} = {B06DE047-5FF0-4A0D-A76E-DE3337CC4138}
		{42FCE821-EA91-478A-B3F0-AB26135F7403} = {B06DE047-5FF0-4A0D-A76E-DE3337CC4138}
		{2D6C6C60-F92D-4349-B408-3D003FC5C091} = {B06DE047-5FF0-4A0D-A76E-DE3337CC4138}
		{A509D242-1E0B-4565-8B6A-547F51E78168} = {B06DE047-5FF0-4A0D-A76E-DE3337CC4138}
	EndGlobalSection
	GlobalSection(ExtensibilityGlobals) = postSolution
		VisualSVNWorkingCopyRoot = .
	EndGlobalSection
EndGlobal
